// !$*UTF8*$!
{
	archiveVersion = 1;
	classes = {
	};
	objectVersion = 56;
	objects = {

/* Begin PBXBuildFile section */
		AE03D83B293B622900F434B4 /* AppDelegate.swift in Sources */ = {isa = PBXBuildFile; fileRef = AE03D83A293B622900F434B4 /* AppDelegate.swift */; };
		AE03D83D293B622900F434B4 /* SceneDelegate.swift in Sources */ = {isa = PBXBuildFile; fileRef = AE03D83C293B622900F434B4 /* SceneDelegate.swift */; };
		AE03D83F293B622900F434B4 /* ViewController.swift in Sources */ = {isa = PBXBuildFile; fileRef = AE03D83E293B622900F434B4 /* ViewController.swift */; };
		AE03D842293B622900F434B4 /* Main.storyboard in Resources */ = {isa = PBXBuildFile; fileRef = AE03D840293B622900F434B4 /* Main.storyboard */; };
		AE03D844293B622A00F434B4 /* Assets.xcassets in Resources */ = {isa = PBXBuildFile; fileRef = AE03D843293B622A00F434B4 /* Assets.xcassets */; };
		AE03D847293B622A00F434B4 /* LaunchScreen.storyboard in Resources */ = {isa = PBXBuildFile; fileRef = AE03D845293B622A00F434B4 /* LaunchScreen.storyboard */; };
		AE03D84F293B62C900F434B4 /* NoteController.swift in Sources */ = {isa = PBXBuildFile; fileRef = AE03D84E293B62C900F434B4 /* NoteController.swift */; };
		AE03D853293B635A00F434B4 /* Note.swift in Sources */ = {isa = PBXBuildFile; fileRef = AE03D852293B635A00F434B4 /* Note.swift */; };
		AE03D855293B636800F434B4 /* NoteService.swift in Sources */ = {isa = PBXBuildFile; fileRef = AE03D854293B636800F434B4 /* NoteService.swift */; };
/* End PBXBuildFile section */

/* Begin PBXFileReference section */
		AE03D837293B622900F434B4 /* FileManagerTest.app */ = {isa = PBXFileReference; explicitFileType = wrapper.application; includeInIndex = 0; path = FileManagerTest.app; sourceTree = BUILT_PRODUCTS_DIR; };
		AE03D83A293B622900F434B4 /* AppDelegate.swift */ = {isa = PBXFileReference; lastKnownFileType = sourcecode.swift; path = AppDelegate.swift; sourceTree = "<group>"; };
		AE03D83C293B622900F434B4 /* SceneDelegate.swift */ = {isa = PBXFileReference; lastKnownFileType = sourcecode.swift; path = SceneDelegate.swift; sourceTree = "<group>"; };
		AE03D83E293B622900F434B4 /* ViewController.swift */ = {isa = PBXFileReference; lastKnownFileType = sourcecode.swift; path = ViewController.swift; sourceTree = "<group>"; };
		AE03D841293B622900F434B4 /* Base */ = {isa = PBXFileReference; lastKnownFileType = file.storyboard; name = Base; path = Base.lproj/Main.storyboard; sourceTree = "<group>"; };
		AE03D843293B622A00F434B4 /* Assets.xcassets */ = {isa = PBXFileReference; lastKnownFileType = folder.assetcatalog; path = Assets.xcassets; sourceTree = "<group>"; };
		AE03D846293B622A00F434B4 /* Base */ = {isa = PBXFileReference; lastKnownFileType = file.storyboard; name = Base; path = Base.lproj/LaunchScreen.storyboard; sourceTree = "<group>"; };
		AE03D848293B622A00F434B4 /* Info.plist */ = {isa = PBXFileReference; lastKnownFileType = text.plist.xml; path = Info.plist; sourceTree = "<group>"; };
		AE03D84E293B62C900F434B4 /* NoteController.swift */ = {isa = PBXFileReference; lastKnownFileType = sourcecode.swift; path = NoteController.swift; sourceTree = "<group>"; };
		AE03D852293B635A00F434B4 /* Note.swift */ = {isa = PBXFileReference; lastKnownFileType = sourcecode.swift; path = Note.swift; sourceTree = "<group>"; };
		AE03D854293B636800F434B4 /* NoteService.swift */ = {isa = PBXFileReference; lastKnownFileType = sourcecode.swift; path = NoteService.swift; sourceTree = "<group>"; };
/* End PBXFileReference section */

/* Begin PBXFrameworksBuildPhase section */
		AE03D834293B622900F434B4 /* Frameworks */ = {
			isa = PBXFrameworksBuildPhase;
			buildActionMask = 2147483647;
			files = (
			);
			runOnlyForDeploymentPostprocessing = 0;
		};
/* End PBXFrameworksBuildPhase section */

/* Begin PBXGroup section */
		AE03D82E293B622900F434B4 = {
			isa = PBXGroup;
			children = (
				AE03D839293B622900F434B4 /* FileManagerTest */,
				AE03D838293B622900F434B4 /* Products */,
			);
			sourceTree = "<group>";
		};
		AE03D838293B622900F434B4 /* Products */ = {
			isa = PBXGroup;
			children = (
				AE03D837293B622900F434B4 /* FileManagerTest.app */,
			);
			name = Products;
			sourceTree = "<group>";
		};
		AE03D839293B622900F434B4 /* FileManagerTest */ = {
			isa = PBXGroup;
			children = (
				AE03D851293B634700F434B4 /* Services */,
				AE03D850293B633A00F434B4 /* Controllers */,
				AE03D83A293B622900F434B4 /* AppDelegate.swift */,
				AE03D83C293B622900F434B4 /* SceneDelegate.swift */,
				AE03D840293B622900F434B4 /* Main.storyboard */,
				AE03D843293B622A00F434B4 /* Assets.xcassets */,
				AE03D845293B622A00F434B4 /* LaunchScreen.storyboard */,
				AE03D848293B622A00F434B4 /* Info.plist */,
			);
			path = FileManagerTest;
			sourceTree = "<group>";
		};
		AE03D850293B633A00F434B4 /* Controllers */ = {
			isa = PBXGroup;
			children = (
				AE03D83E293B622900F434B4 /* ViewController.swift */,
				AE03D84E293B62C900F434B4 /* NoteController.swift */,
			);
			path = Controllers;
			sourceTree = "<group>";
		};
		AE03D851293B634700F434B4 /* Services */ = {
			isa = PBXGroup;
			children = (
				AE03D852293B635A00F434B4 /* Note.swift */,
				AE03D854293B636800F434B4 /* NoteService.swift */,
			);
			path = Services;
			sourceTree = "<group>";
		};
/* End PBXGroup section */

/* Begin PBXNativeTarget section */
		AE03D836293B622900F434B4 /* FileManagerTest */ = {
			isa = PBXNativeTarget;
			buildConfigurationList = AE03D84B293B622A00F434B4 /* Build configuration list for PBXNativeTarget "FileManagerTest" */;
			buildPhases = (
				AE03D833293B622900F434B4 /* Sources */,
				AE03D834293B622900F434B4 /* Frameworks */,
				AE03D835293B622900F434B4 /* Resources */,
			);
			buildRules = (
			);
			dependencies = (
			);
			name = FileManagerTest;
			productName = FileManagerTest;
			productReference = AE03D837293B622900F434B4 /* FileManagerTest.app */;
			productType = "com.apple.product-type.application";
		};
/* End PBXNativeTarget section */

/* Begin PBXProject section */
		AE03D82F293B622900F434B4 /* Project object */ = {
			isa = PBXProject;
			attributes = {
				BuildIndependentTargetsInParallel = 1;
				LastSwiftUpdateCheck = 1410;
				LastUpgradeCheck = 1410;
				TargetAttributes = {
					AE03D836293B622900F434B4 = {
						CreatedOnToolsVersion = 14.1;
					};
				};
			};
			buildConfigurationList = AE03D832293B622900F434B4 /* Build configuration list for PBXProject "FileManagerTest" */;
			compatibilityVersion = "Xcode 14.0";
			developmentRegion = en;
			hasScannedForEncodings = 0;
			knownRegions = (
				en,
				Base,
			);
			mainGroup = AE03D82E293B622900F434B4;
			productRefGroup = AE03D838293B622900F434B4 /* Products */;
			projectDirPath = "";
			projectRoot = "";
			targets = (
				AE03D836293B622900F434B4 /* FileManagerTest */,
			);
		};
/* End PBXProject section */

/* Begin PBXResourcesBuildPhase section */
		AE03D835293B622900F434B4 /* Resources */ = {
			isa = PBXResourcesBuildPhase;
			buildActionMask = 2147483647;
			files = (
				AE03D847293B622A00F434B4 /* LaunchScreen.storyboard in Resources */,
				AE03D844293B622A00F434B4 /* Assets.xcassets in Resources */,
				AE03D842293B622900F434B4 /* Main.storyboard in Resources */,
			);
			runOnlyForDeploymentPostprocessing = 0;
		};
/* End PBXResourcesBuildPhase section */

/* Begin PBXSourcesBuildPhase section */
		AE03D833293B622900F434B4 /* Sources */ = {
			isa = PBXSourcesBuildPhase;
			buildActionMask = 2147483647;
			files = (
				AE03D853293B635A00F434B4 /* Note.swift in Sources */,
				AE03D83F293B622900F434B4 /* ViewController.swift in Sources */,
				AE03D84F293B62C900F434B4 /* NoteController.swift in Sources */,
				AE03D83B293B622900F434B4 /* AppDelegate.swift in Sources */,
				AE03D83D293B622900F434B4 /* SceneDelegate.swift in Sources */,
				AE03D855293B636800F434B4 /* NoteService.swift in Sources */,
			);
			runOnlyForDeploymentPostprocessing = 0;
		};
/* End PBXSourcesBuildPhase section */

/* Begin PBXVariantGroup section */
		AE03D840293B622900F434B4 /* Main.storyboard */ = {
			isa = PBXVariantGroup;
			children = (
				AE03D841293B622900F434B4 /* Base */,
			);
			name = Main.storyboard;
			sourceTree = "<group>";
		};
		AE03D845293B622A00F434B4 /* LaunchScreen.storyboard */ = {
			isa = PBXVariantGroup;
			children = (
				AE03D846293B622A00F434B4 /* Base */,
			);
			name = LaunchScreen.storyboard;
			sourceTree = "<group>";
		};
/* End PBXVariantGroup section */

/* Begin XCBuildConfiguration section */
		AE03D849293B622A00F434B4 /* Debug */ = {
			isa = XCBuildConfiguration;
			buildSettings = {
				ALWAYS_SEARCH_USER_PATHS = NO;
				CLANG_ANALYZER_NONNULL = YES;
				CLANG_ANALYZER_NUMBER_OBJECT_CONVERSION = YES_AGGRESSIVE;
				CLANG_CXX_LANGUAGE_STANDARD = "gnu++20";
				CLANG_ENABLE_MODULES = YES;
				CLANG_ENABLE_OBJC_ARC = YES;
				CLANG_ENABLE_OBJC_WEAK = YES;
				CLANG_WARN_BLOCK_CAPTURE_AUTORELEASING = YES;
				CLANG_WARN_BOOL_CONVERSION = YES;
				CLANG_WARN_COMMA = YES;
				CLANG_WARN_CONSTANT_CONVERSION = YES;
				CLANG_WARN_DEPRECATED_OBJC_IMPLEMENTATIONS = YES;
				CLANG_WARN_DIRECT_OBJC_ISA_USAGE = YES_ERROR;
				CLANG_WARN_DOCUMENTATION_COMMENTS = YES;
				CLANG_WARN_EMPTY_BODY = YES;
				CLANG_WARN_ENUM_CONVERSION = YES;
				CLANG_WARN_INFINITE_RECURSION = YES;
				CLANG_WARN_INT_CONVERSION = YES;
				CLANG_WARN_NON_LITERAL_NULL_CONVERSION = YES;
				CLANG_WARN_OBJC_IMPLICIT_RETAIN_SELF = YES;
				CLANG_WARN_OBJC_LITERAL_CONVERSION = YES;
				CLANG_WARN_OBJC_ROOT_CLASS = YES_ERROR;
				CLANG_WARN_QUOTED_INCLUDE_IN_FRAMEWORK_HEADER = YES;
				CLANG_WARN_RANGE_LOOP_ANALYSIS = YES;
				CLANG_WARN_STRICT_PROTOTYPES = YES;
				CLANG_WARN_SUSPICIOUS_MOVE = YES;
				CLANG_WARN_UNGUARDED_AVAILABILITY = YES_AGGRESSIVE;
				CLANG_WARN_UNREACHABLE_CODE = YES;
				CLANG_WARN__DUPLICATE_METHOD_MATCH = YES;
				COPY_PHASE_STRIP = NO;
				DEBUG_INFORMATION_FORMAT = dwarf;
				ENABLE_STRICT_OBJC_MSGSEND = YES;
				ENABLE_TESTABILITY = YES;
				GCC_C_LANGUAGE_STANDARD = gnu11;
				GCC_DYNAMIC_NO_PIC = NO;
				GCC_NO_COMMON_BLOCKS = YES;
				GCC_OPTIMIZATION_LEVEL = 0;
				GCC_PREPROCESSOR_DEFINITIONS = (
					"DEBUG=1",
					"$(inherited)",
				);
				GCC_WARN_64_TO_32_BIT_CONVERSION = YES;
				GCC_WARN_ABOUT_RETURN_TYPE = YES_ERROR;
				GCC_WARN_UNDECLARED_SELECTOR = YES;
				GCC_WARN_UNINITIALIZED_AUTOS = YES_AGGRESSIVE;
				GCC_WARN_UNUSED_FUNCTION = YES;
				GCC_WARN_UNUSED_VARIABLE = YES;
				IPHONEOS_DEPLOYMENT_TARGET = 16.1;
				MTL_ENABLE_DEBUG_INFO = INCLUDE_SOURCE;
				MTL_FAST_MATH = YES;
				ONLY_ACTIVE_ARCH = YES;
				SDKROOT = iphoneos;
				SWIFT_ACTIVE_COMPILATION_CONDITIONS = DEBUG;
				SWIFT_OPTIMIZATION_LEVEL = "-Onone";
			};
			name = Debug;
		};
		AE03D84A293B622A00F434B4 /* Release */ = {
			isa = XCBuildConfiguration;
			buildSettings = {
				ALWAYS_SEARCH_USER_PATHS = NO;
				CLANG_ANALYZER_NONNULL = YES;
				CLANG_ANALYZER_NUMBER_OBJECT_CONVERSION = YES_AGGRESSIVE;
				CLANG_CXX_LANGUAGE_STANDARD = "gnu++20";
				CLANG_ENABLE_MODULES = YES;
				CLANG_ENABLE_OBJC_ARC = YES;
				CLANG_ENABLE_OBJC_WEAK = YES;
				CLANG_WARN_BLOCK_CAPTURE_AUTORELEASING = YES;
				CLANG_WARN_BOOL_CONVERSION = YES;
				CLANG_WARN_COMMA = YES;
				CLANG_WARN_CONSTANT_CONVERSION = YES;
				CLANG_WARN_DEPRECATED_OBJC_IMPLEMENTATIONS = YES;
				CLANG_WARN_DIRECT_OBJC_ISA_USAGE = YES_ERROR;
				CLANG_WARN_DOCUMENTATION_COMMENTS = YES;
				CLANG_WARN_EMPTY_BODY = YES;
				CLANG_WARN_ENUM_CONVERSION = YES;
				CLANG_WARN_INFINITE_RECURSION = YES;
				CLANG_WARN_INT_CONVERSION = YES;
				CLANG_WARN_NON_LITERAL_NULL_CONVERSION = YES;
				CLANG_WARN_OBJC_IMPLICIT_RETAIN_SELF = YES;
				CLANG_WARN_OBJC_LITERAL_CONVERSION = YES;
				CLANG_WARN_OBJC_ROOT_CLASS = YES_ERROR;
				CLANG_WARN_QUOTED_INCLUDE_IN_FRAMEWORK_HEADER = YES;
				CLANG_WARN_RANGE_LOOP_ANALYSIS = YES;
				CLANG_WARN_STRICT_PROTOTYPES = YES;
				CLANG_WARN_SUSPICIOUS_MOVE = YES;
				CLANG_WARN_UNGUARDED_AVAILABILITY = YES_AGGRESSIVE;
				CLANG_WARN_UNREACHABLE_CODE = YES;
				CLANG_WARN__DUPLICATE_METHOD_MATCH = YES;
				COPY_PHASE_STRIP = NO;
				DEBUG_INFORMATION_FORMAT = "dwarf-with-dsym";
				ENABLE_NS_ASSERTIONS = NO;
				ENABLE_STRICT_OBJC_MSGSEND = YES;
				GCC_C_LANGUAGE_STANDARD = gnu11;
				GCC_NO_COMMON_BLOCKS = YES;
				GCC_WARN_64_TO_32_BIT_CONVERSION = YES;
				GCC_WARN_ABOUT_RETURN_TYPE = YES_ERROR;
				GCC_WARN_UNDECLARED_SELECTOR = YES;
				GCC_WARN_UNINITIALIZED_AUTOS = YES_AGGRESSIVE;
				GCC_WARN_UNUSED_FUNCTION = YES;
				GCC_WARN_UNUSED_VARIABLE = YES;
				IPHONEOS_DEPLOYMENT_TARGET = 16.1;
				MTL_ENABLE_DEBUG_INFO = NO;
				MTL_FAST_MATH = YES;
				SDKROOT = iphoneos;
				SWIFT_COMPILATION_MODE = wholemodule;
				SWIFT_OPTIMIZATION_LEVEL = "-O";
				VALIDATE_PRODUCT = YES;
			};
			name = Release;
		};
		AE03D84C293B622A00F434B4 /* Debug */ = {
			isa = XCBuildConfiguration;
			buildSettings = {
				ASSETCATALOG_COMPILER_APPICON_NAME = AppIcon;
				ASSETCATALOG_COMPILER_GLOBAL_ACCENT_COLOR_NAME = AccentColor;
				CODE_SIGN_STYLE = Automatic;
				CURRENT_PROJECT_VERSION = 1;
				GENERATE_INFOPLIST_FILE = YES;
				INFOPLIST_FILE = FileManagerTest/Info.plist;
				INFOPLIST_KEY_UIApplicationSupportsIndirectInputEvents = YES;
				INFOPLIST_KEY_UILaunchStoryboardName = LaunchScreen;
				INFOPLIST_KEY_UIMainStoryboardFile = Main;
				INFOPLIST_KEY_UISupportedInterfaceOrientations_iPad = "UIInterfaceOrientationPortrait UIInterfaceOrientationPortraitUpsideDown UIInterfaceOrientationLandscapeLeft UIInterfaceOrientationLandscapeRight";
				INFOPLIST_KEY_UISupportedInterfaceOrientations_iPhone = "UIInterfaceOrientationPortrait UIInterfaceOrientationLandscapeLeft UIInterfaceOrientationLandscapeRight";
				LD_RUNPATH_SEARCH_PATHS = (
					"$(inherited)",
					"@executable_path/Frameworks",
				);
				MARKETING_VERSION = 1.0;
				PRODUCT_BUNDLE_IDENTIFIER = com.github.azigangaraev.FileManagerTest;
				PRODUCT_NAME = "$(TARGET_NAME)";
				SWIFT_EMIT_LOC_STRINGS = YES;
				SWIFT_VERSION = 5.0;
				TARGETED_DEVICE_FAMILY = "1,2";
			};
			name = Debug;
		};
		AE03D84D293B622A00F434B4 /* Release */ = {
			isa = XCBuildConfiguration;
			buildSettings = {
				ASSETCATALOG_COMPILER_APPICON_NAME = AppIcon;
				ASSETCATALOG_COMPILER_GLOBAL_ACCENT_COLOR_NAME = AccentColor;
				CODE_SIGN_STYLE = Automatic;
				CURRENT_PROJECT_VERSION = 1;
				GENERATE_INFOPLIST_FILE = YES;
				INFOPLIST_FILE = FileManagerTest/Info.plist;
				INFOPLIST_KEY_UIApplicationSupportsIndirectInputEvents = YES;
				INFOPLIST_KEY_UILaunchStoryboardName = LaunchScreen;
				INFOPLIST_KEY_UIMainStoryboardFile = Main;
				INFOPLIST_KEY_UISupportedInterfaceOrientations_iPad = "UIInterfaceOrientationPortrait UIInterfaceOrientationPortraitUpsideDown UIInterfaceOrientationLandscapeLeft UIInterfaceOrientationLandscapeRight";
				INFOPLIST_KEY_UISupportedInterfaceOrientations_iPhone = "UIInterfaceOrientationPortrait UIInterfaceOrientationLandscapeLeft UIInterfaceOrientationLandscapeRight";
				LD_RUNPATH_SEARCH_PATHS = (
					"$(inherited)",
					"@executable_path/Frameworks",
				);
				MARKETING_VERSION = 1.0;
				PRODUCT_BUNDLE_IDENTIFIER = com.github.azigangaraev.FileManagerTest;
				PRODUCT_NAME = "$(TARGET_NAME)";
				SWIFT_EMIT_LOC_STRINGS = YES;
				SWIFT_VERSION = 5.0;
				TARGETED_DEVICE_FAMILY = "1,2";
			};
			name = Release;
		};
/* End XCBuildConfiguration section */

/* Begin XCConfigurationList section */
		AE03D832293B622900F434B4 /* Build configuration list for PBXProject "FileManagerTest" */ = {
			isa = XCConfigurationList;
			buildConfigurations = (
				AE03D849293B622A00F434B4 /* Debug */,
				AE03D84A293B622A00F434B4 /* Release */,
			);
			defaultConfigurationIsVisible = 0;
			defaultConfigurationName = Release;
		};
		AE03D84B293B622A00F434B4 /* Build configuration list for PBXNativeTarget "FileManagerTest" */ = {
			isa = XCConfigurationList;
			buildConfigurations = (
				AE03D84C293B622A00F434B4 /* Debug */,
				AE03D84D293B622A00F434B4 /* Release */,
			);
			defaultConfigurationIsVisible = 0;
			defaultConfigurationName = Release;
		};
/* End XCConfigurationList section */
	};
	rootObject = AE03D82F293B622900F434B4 /* Project object */;
}
