// !$*UTF8*$!
{
	archiveVersion = 1;
	classes = {
	};
	objectVersion = 56;
	objects = {

/* Begin PBXBuildFile section */
		AE23703A29449E8800DEA79F /* AppDelegate.swift in Sources */ = {isa = PBXBuildFile; fileRef = AE23703929449E8800DEA79F /* AppDelegate.swift */; };
		AE23703C29449E8800DEA79F /* SceneDelegate.swift in Sources */ = {isa = PBXBuildFile; fileRef = AE23703B29449E8800DEA79F /* SceneDelegate.swift */; };
		AE23703E29449E8800DEA79F /* ViewController.swift in Sources */ = {isa = PBXBuildFile; fileRef = AE23703D29449E8800DEA79F /* ViewController.swift */; };
		AE23704129449E8800DEA79F /* Main.storyboard in Resources */ = {isa = PBXBuildFile; fileRef = AE23703F29449E8800DEA79F /* Main.storyboard */; };
		AE23704429449E8800DEA79F /* NotesWithCoreData.xcdatamodeld in Sources */ = {isa = PBXBuildFile; fileRef = AE23704229449E8800DEA79F /* NotesWithCoreData.xcdatamodeld */; };
		AE23704629449E8900DEA79F /* Assets.xcassets in Resources */ = {isa = PBXBuildFile; fileRef = AE23704529449E8900DEA79F /* Assets.xcassets */; };
		AE23704929449E8900DEA79F /* LaunchScreen.storyboard in Resources */ = {isa = PBXBuildFile; fileRef = AE23704729449E8900DEA79F /* LaunchScreen.storyboard */; };
		AE23705929449FF500DEA79F /* Note+CoreDataProperties.swift in Sources */ = {isa = PBXBuildFile; fileRef = AE23705729449FF500DEA79F /* Note+CoreDataProperties.swift */; };
		AE23705A29449FF500DEA79F /* Note+CoreDataClass.swift in Sources */ = {isa = PBXBuildFile; fileRef = AE23705829449FF500DEA79F /* Note+CoreDataClass.swift */; };
		AE23705C2944A39400DEA79F /* NoteController.swift in Sources */ = {isa = PBXBuildFile; fileRef = AE23705B2944A39400DEA79F /* NoteController.swift */; };
/* End PBXBuildFile section */

/* Begin PBXFileReference section */
		AE23703629449E8800DEA79F /* NotesWithCoreData.app */ = {isa = PBXFileReference; explicitFileType = wrapper.application; includeInIndex = 0; path = NotesWithCoreData.app; sourceTree = BUILT_PRODUCTS_DIR; };
		AE23703929449E8800DEA79F /* AppDelegate.swift */ = {isa = PBXFileReference; lastKnownFileType = sourcecode.swift; path = AppDelegate.swift; sourceTree = "<group>"; };
		AE23703B29449E8800DEA79F /* SceneDelegate.swift */ = {isa = PBXFileReference; lastKnownFileType = sourcecode.swift; path = SceneDelegate.swift; sourceTree = "<group>"; };
		AE23703D29449E8800DEA79F /* ViewController.swift */ = {isa = PBXFileReference; lastKnownFileType = sourcecode.swift; path = ViewController.swift; sourceTree = "<group>"; };
		AE23704029449E8800DEA79F /* Base */ = {isa = PBXFileReference; lastKnownFileType = file.storyboard; name = Base; path = Base.lproj/Main.storyboard; sourceTree = "<group>"; };
		AE23704329449E8800DEA79F /* NotesWithCoreData.xcdatamodel */ = {isa = PBXFileReference; lastKnownFileType = wrapper.xcdatamodel; path = NotesWithCoreData.xcdatamodel; sourceTree = "<group>"; };
		AE23704529449E8900DEA79F /* Assets.xcassets */ = {isa = PBXFileReference; lastKnownFileType = folder.assetcatalog; path = Assets.xcassets; sourceTree = "<group>"; };
		AE23704829449E8900DEA79F /* Base */ = {isa = PBXFileReference; lastKnownFileType = file.storyboard; name = Base; path = Base.lproj/LaunchScreen.storyboard; sourceTree = "<group>"; };
		AE23704A29449E8900DEA79F /* Info.plist */ = {isa = PBXFileReference; lastKnownFileType = text.plist.xml; path = Info.plist; sourceTree = "<group>"; };
		AE23705729449FF500DEA79F /* Note+CoreDataProperties.swift */ = {isa = PBXFileReference; fileEncoding = 4; lastKnownFileType = sourcecode.swift; path = "Note+CoreDataProperties.swift"; sourceTree = "<group>"; };
		AE23705829449FF500DEA79F /* Note+CoreDataClass.swift */ = {isa = PBXFileReference; fileEncoding = 4; lastKnownFileType = sourcecode.swift; path = "Note+CoreDataClass.swift"; sourceTree = "<group>"; };
		AE23705B2944A39400DEA79F /* NoteController.swift */ = {isa = PBXFileReference; lastKnownFileType = sourcecode.swift; path = NoteController.swift; sourceTree = "<group>"; };
/* End PBXFileReference section */

/* Begin PBXFrameworksBuildPhase section */
		AE23703329449E8800DEA79F /* Frameworks */ = {
			isa = PBXFrameworksBuildPhase;
			buildActionMask = 2147483647;
			files = (
			);
			runOnlyForDeploymentPostprocessing = 0;
		};
/* End PBXFrameworksBuildPhase section */

/* Begin PBXGroup section */
		AE23702D29449E8800DEA79F = {
			isa = PBXGroup;
			children = (
				AE23705629449FF500DEA79F /* CoreData */,
				AE23703829449E8800DEA79F /* NotesWithCoreData */,
				AE23703729449E8800DEA79F /* Products */,
			);
			sourceTree = "<group>";
		};
		AE23703729449E8800DEA79F /* Products */ = {
			isa = PBXGroup;
			children = (
				AE23703629449E8800DEA79F /* NotesWithCoreData.app */,
			);
			name = Products;
			sourceTree = "<group>";
		};
		AE23703829449E8800DEA79F /* NotesWithCoreData */ = {
			isa = PBXGroup;
			children = (
				AE23703929449E8800DEA79F /* AppDelegate.swift */,
				AE23703B29449E8800DEA79F /* SceneDelegate.swift */,
				AE23703D29449E8800DEA79F /* ViewController.swift */,
				AE23705B2944A39400DEA79F /* NoteController.swift */,
				AE23703F29449E8800DEA79F /* Main.storyboard */,
				AE23704529449E8900DEA79F /* Assets.xcassets */,
				AE23704729449E8900DEA79F /* LaunchScreen.storyboard */,
				AE23704A29449E8900DEA79F /* Info.plist */,
				AE23704229449E8800DEA79F /* NotesWithCoreData.xcdatamodeld */,
			);
			path = NotesWithCoreData;
			sourceTree = "<group>";
		};
		AE23705629449FF500DEA79F /* CoreData */ = {
			isa = PBXGroup;
			children = (
				AE23705729449FF500DEA79F /* Note+CoreDataProperties.swift */,
				AE23705829449FF500DEA79F /* Note+CoreDataClass.swift */,
			);
			path = CoreData;
			sourceTree = "<group>";
		};
/* End PBXGroup section */

/* Begin PBXNativeTarget section */
		AE23703529449E8800DEA79F /* NotesWithCoreData */ = {
			isa = PBXNativeTarget;
			buildConfigurationList = AE23704D29449E8900DEA79F /* Build configuration list for PBXNativeTarget "NotesWithCoreData" */;
			buildPhases = (
				AE23703229449E8800DEA79F /* Sources */,
				AE23703329449E8800DEA79F /* Frameworks */,
				AE23703429449E8800DEA79F /* Resources */,
			);
			buildRules = (
			);
			dependencies = (
			);
			name = NotesWithCoreData;
			productName = NotesWithCoreData;
			productReference = AE23703629449E8800DEA79F /* NotesWithCoreData.app */;
			productType = "com.apple.product-type.application";
		};
/* End PBXNativeTarget section */

/* Begin PBXProject section */
		AE23702E29449E8800DEA79F /* Project object */ = {
			isa = PBXProject;
			attributes = {
				BuildIndependentTargetsInParallel = 1;
				LastSwiftUpdateCheck = 1410;
				LastUpgradeCheck = 1410;
				TargetAttributes = {
					AE23703529449E8800DEA79F = {
						CreatedOnToolsVersion = 14.1;
					};
				};
			};
			buildConfigurationList = AE23703129449E8800DEA79F /* Build configuration list for PBXProject "NotesWithCoreData" */;
			compatibilityVersion = "Xcode 14.0";
			developmentRegion = en;
			hasScannedForEncodings = 0;
			knownRegions = (
				en,
				Base,
			);
			mainGroup = AE23702D29449E8800DEA79F;
			productRefGroup = AE23703729449E8800DEA79F /* Products */;
			projectDirPath = "";
			projectRoot = "";
			targets = (
				AE23703529449E8800DEA79F /* NotesWithCoreData */,
			);
		};
/* End PBXProject section */

/* Begin PBXResourcesBuildPhase section */
		AE23703429449E8800DEA79F /* Resources */ = {
			isa = PBXResourcesBuildPhase;
			buildActionMask = 2147483647;
			files = (
				AE23704929449E8900DEA79F /* LaunchScreen.storyboard in Resources */,
				AE23704629449E8900DEA79F /* Assets.xcassets in Resources */,
				AE23704129449E8800DEA79F /* Main.storyboard in Resources */,
			);
			runOnlyForDeploymentPostprocessing = 0;
		};
/* End PBXResourcesBuildPhase section */

/* Begin PBXSourcesBuildPhase section */
		AE23703229449E8800DEA79F /* Sources */ = {
			isa = PBXSourcesBuildPhase;
			buildActionMask = 2147483647;
			files = (
				AE23703E29449E8800DEA79F /* ViewController.swift in Sources */,
				AE23705929449FF500DEA79F /* Note+CoreDataProperties.swift in Sources */,
				AE23703A29449E8800DEA79F /* AppDelegate.swift in Sources */,
				AE23704429449E8800DEA79F /* NotesWithCoreData.xcdatamodeld in Sources */,
				AE23705C2944A39400DEA79F /* NoteController.swift in Sources */,
				AE23705A29449FF500DEA79F /* Note+CoreDataClass.swift in Sources */,
				AE23703C29449E8800DEA79F /* SceneDelegate.swift in Sources */,
			);
			runOnlyForDeploymentPostprocessing = 0;
		};
/* End PBXSourcesBuildPhase section */

/* Begin PBXVariantGroup section */
		AE23703F29449E8800DEA79F /* Main.storyboard */ = {
			isa = PBXVariantGroup;
			children = (
				AE23704029449E8800DEA79F /* Base */,
			);
			name = Main.storyboard;
			sourceTree = "<group>";
		};
		AE23704729449E8900DEA79F /* LaunchScreen.storyboard */ = {
			isa = PBXVariantGroup;
			children = (
				AE23704829449E8900DEA79F /* Base */,
			);
			name = LaunchScreen.storyboard;
			sourceTree = "<group>";
		};
/* End PBXVariantGroup section */

/* Begin XCBuildConfiguration section */
		AE23704B29449E8900DEA79F /* Debug */ = {
			isa = XCBuildConfiguration;
			buildSettings = {
				ALWAYS_SEARCH_USER_PATHS = NO;
				CLANG_ANALYZER_NONNULL = YES;
				CLANG_ANALYZER_NUMBER_OBJECT_CONVERSION = YES_AGGRESSIVE;
				CLANG_CXX_LANGUAGE_STANDARD = "gnu++20";
				CLANG_ENABLE_MODULES = YES;
				CLANG_ENABLE_OBJC_ARC = YES;
				CLANG_ENABLE_OBJC_WEAK = YES;
				CLANG_WARN_BLOCK_CAPTURE_AUTORELEASING = YES;
				CLANG_WARN_BOOL_CONVERSION = YES;
				CLANG_WARN_COMMA = YES;
				CLANG_WARN_CONSTANT_CONVERSION = YES;
				CLANG_WARN_DEPRECATED_OBJC_IMPLEMENTATIONS = YES;
				CLANG_WARN_DIRECT_OBJC_ISA_USAGE = YES_ERROR;
				CLANG_WARN_DOCUMENTATION_COMMENTS = YES;
				CLANG_WARN_EMPTY_BODY = YES;
				CLANG_WARN_ENUM_CONVERSION = YES;
				CLANG_WARN_INFINITE_RECURSION = YES;
				CLANG_WARN_INT_CONVERSION = YES;
				CLANG_WARN_NON_LITERAL_NULL_CONVERSION = YES;
				CLANG_WARN_OBJC_IMPLICIT_RETAIN_SELF = YES;
				CLANG_WARN_OBJC_LITERAL_CONVERSION = YES;
				CLANG_WARN_OBJC_ROOT_CLASS = YES_ERROR;
				CLANG_WARN_QUOTED_INCLUDE_IN_FRAMEWORK_HEADER = YES;
				CLANG_WARN_RANGE_LOOP_ANALYSIS = YES;
				CLANG_WARN_STRICT_PROTOTYPES = YES;
				CLANG_WARN_SUSPICIOUS_MOVE = YES;
				CLANG_WARN_UNGUARDED_AVAILABILITY = YES_AGGRESSIVE;
				CLANG_WARN_UNREACHABLE_CODE = YES;
				CLANG_WARN__DUPLICATE_METHOD_MATCH = YES;
				COPY_PHASE_STRIP = NO;
				DEBUG_INFORMATION_FORMAT = dwarf;
				ENABLE_STRICT_OBJC_MSGSEND = YES;
				ENABLE_TESTABILITY = YES;
				GCC_C_LANGUAGE_STANDARD = gnu11;
				GCC_DYNAMIC_NO_PIC = NO;
				GCC_NO_COMMON_BLOCKS = YES;
				GCC_OPTIMIZATION_LEVEL = 0;
				GCC_PREPROCESSOR_DEFINITIONS = (
					"DEBUG=1",
					"$(inherited)",
				);
				GCC_WARN_64_TO_32_BIT_CONVERSION = YES;
				GCC_WARN_ABOUT_RETURN_TYPE = YES_ERROR;
				GCC_WARN_UNDECLARED_SELECTOR = YES;
				GCC_WARN_UNINITIALIZED_AUTOS = YES_AGGRESSIVE;
				GCC_WARN_UNUSED_FUNCTION = YES;
				GCC_WARN_UNUSED_VARIABLE = YES;
				IPHONEOS_DEPLOYMENT_TARGET = 16.1;
				MTL_ENABLE_DEBUG_INFO = INCLUDE_SOURCE;
				MTL_FAST_MATH = YES;
				ONLY_ACTIVE_ARCH = YES;
				SDKROOT = iphoneos;
				SWIFT_ACTIVE_COMPILATION_CONDITIONS = DEBUG;
				SWIFT_OPTIMIZATION_LEVEL = "-Onone";
			};
			name = Debug;
		};
		AE23704C29449E8900DEA79F /* Release */ = {
			isa = XCBuildConfiguration;
			buildSettings = {
				ALWAYS_SEARCH_USER_PATHS = NO;
				CLANG_ANALYZER_NONNULL = YES;
				CLANG_ANALYZER_NUMBER_OBJECT_CONVERSION = YES_AGGRESSIVE;
				CLANG_CXX_LANGUAGE_STANDARD = "gnu++20";
				CLANG_ENABLE_MODULES = YES;
				CLANG_ENABLE_OBJC_ARC = YES;
				CLANG_ENABLE_OBJC_WEAK = YES;
				CLANG_WARN_BLOCK_CAPTURE_AUTORELEASING = YES;
				CLANG_WARN_BOOL_CONVERSION = YES;
				CLANG_WARN_COMMA = YES;
				CLANG_WARN_CONSTANT_CONVERSION = YES;
				CLANG_WARN_DEPRECATED_OBJC_IMPLEMENTATIONS = YES;
				CLANG_WARN_DIRECT_OBJC_ISA_USAGE = YES_ERROR;
				CLANG_WARN_DOCUMENTATION_COMMENTS = YES;
				CLANG_WARN_EMPTY_BODY = YES;
				CLANG_WARN_ENUM_CONVERSION = YES;
				CLANG_WARN_INFINITE_RECURSION = YES;
				CLANG_WARN_INT_CONVERSION = YES;
				CLANG_WARN_NON_LITERAL_NULL_CONVERSION = YES;
				CLANG_WARN_OBJC_IMPLICIT_RETAIN_SELF = YES;
				CLANG_WARN_OBJC_LITERAL_CONVERSION = YES;
				CLANG_WARN_OBJC_ROOT_CLASS = YES_ERROR;
				CLANG_WARN_QUOTED_INCLUDE_IN_FRAMEWORK_HEADER = YES;
				CLANG_WARN_RANGE_LOOP_ANALYSIS = YES;
				CLANG_WARN_STRICT_PROTOTYPES = YES;
				CLANG_WARN_SUSPICIOUS_MOVE = YES;
				CLANG_WARN_UNGUARDED_AVAILABILITY = YES_AGGRESSIVE;
				CLANG_WARN_UNREACHABLE_CODE = YES;
				CLANG_WARN__DUPLICATE_METHOD_MATCH = YES;
				COPY_PHASE_STRIP = NO;
				DEBUG_INFORMATION_FORMAT = "dwarf-with-dsym";
				ENABLE_NS_ASSERTIONS = NO;
				ENABLE_STRICT_OBJC_MSGSEND = YES;
				GCC_C_LANGUAGE_STANDARD = gnu11;
				GCC_NO_COMMON_BLOCKS = YES;
				GCC_WARN_64_TO_32_BIT_CONVERSION = YES;
				GCC_WARN_ABOUT_RETURN_TYPE = YES_ERROR;
				GCC_WARN_UNDECLARED_SELECTOR = YES;
				GCC_WARN_UNINITIALIZED_AUTOS = YES_AGGRESSIVE;
				GCC_WARN_UNUSED_FUNCTION = YES;
				GCC_WARN_UNUSED_VARIABLE = YES;
				IPHONEOS_DEPLOYMENT_TARGET = 16.1;
				MTL_ENABLE_DEBUG_INFO = NO;
				MTL_FAST_MATH = YES;
				SDKROOT = iphoneos;
				SWIFT_COMPILATION_MODE = wholemodule;
				SWIFT_OPTIMIZATION_LEVEL = "-O";
				VALIDATE_PRODUCT = YES;
			};
			name = Release;
		};
		AE23704E29449E8900DEA79F /* Debug */ = {
			isa = XCBuildConfiguration;
			buildSettings = {
				ASSETCATALOG_COMPILER_APPICON_NAME = AppIcon;
				ASSETCATALOG_COMPILER_GLOBAL_ACCENT_COLOR_NAME = AccentColor;
				CODE_SIGN_STYLE = Automatic;
				CURRENT_PROJECT_VERSION = 1;
				GENERATE_INFOPLIST_FILE = YES;
				INFOPLIST_FILE = NotesWithCoreData/Info.plist;
				INFOPLIST_KEY_UIApplicationSupportsIndirectInputEvents = YES;
				INFOPLIST_KEY_UILaunchStoryboardName = LaunchScreen;
				INFOPLIST_KEY_UIMainStoryboardFile = Main;
				INFOPLIST_KEY_UISupportedInterfaceOrientations_iPad = "UIInterfaceOrientationPortrait UIInterfaceOrientationPortraitUpsideDown UIInterfaceOrientationLandscapeLeft UIInterfaceOrientationLandscapeRight";
				INFOPLIST_KEY_UISupportedInterfaceOrientations_iPhone = "UIInterfaceOrientationPortrait UIInterfaceOrientationLandscapeLeft UIInterfaceOrientationLandscapeRight";
				LD_RUNPATH_SEARCH_PATHS = (
					"$(inherited)",
					"@executable_path/Frameworks",
				);
				MARKETING_VERSION = 1.0;
				PRODUCT_BUNDLE_IDENTIFIER = com.github.azigangaraev.NotesWithCoreData;
				PRODUCT_NAME = "$(TARGET_NAME)";
				SWIFT_EMIT_LOC_STRINGS = YES;
				SWIFT_VERSION = 5.0;
				TARGETED_DEVICE_FAMILY = "1,2";
			};
			name = Debug;
		};
		AE23704F29449E8900DEA79F /* Release */ = {
			isa = XCBuildConfiguration;
			buildSettings = {
				ASSETCATALOG_COMPILER_APPICON_NAME = AppIcon;
				ASSETCATALOG_COMPILER_GLOBAL_ACCENT_COLOR_NAME = AccentColor;
				CODE_SIGN_STYLE = Automatic;
				CURRENT_PROJECT_VERSION = 1;
				GENERATE_INFOPLIST_FILE = YES;
				INFOPLIST_FILE = NotesWithCoreData/Info.plist;
				INFOPLIST_KEY_UIApplicationSupportsIndirectInputEvents = YES;
				INFOPLIST_KEY_UILaunchStoryboardName = LaunchScreen;
				INFOPLIST_KEY_UIMainStoryboardFile = Main;
				INFOPLIST_KEY_UISupportedInterfaceOrientations_iPad = "UIInterfaceOrientationPortrait UIInterfaceOrientationPortraitUpsideDown UIInterfaceOrientationLandscapeLeft UIInterfaceOrientationLandscapeRight";
				INFOPLIST_KEY_UISupportedInterfaceOrientations_iPhone = "UIInterfaceOrientationPortrait UIInterfaceOrientationLandscapeLeft UIInterfaceOrientationLandscapeRight";
				LD_RUNPATH_SEARCH_PATHS = (
					"$(inherited)",
					"@executable_path/Frameworks",
				);
				MARKETING_VERSION = 1.0;
				PRODUCT_BUNDLE_IDENTIFIER = com.github.azigangaraev.NotesWithCoreData;
				PRODUCT_NAME = "$(TARGET_NAME)";
				SWIFT_EMIT_LOC_STRINGS = YES;
				SWIFT_VERSION = 5.0;
				TARGETED_DEVICE_FAMILY = "1,2";
			};
			name = Release;
		};
/* End XCBuildConfiguration section */

/* Begin XCConfigurationList section */
		AE23703129449E8800DEA79F /* Build configuration list for PBXProject "NotesWithCoreData" */ = {
			isa = XCConfigurationList;
			buildConfigurations = (
				AE23704B29449E8900DEA79F /* Debug */,
				AE23704C29449E8900DEA79F /* Release */,
			);
			defaultConfigurationIsVisible = 0;
			defaultConfigurationName = Release;
		};
		AE23704D29449E8900DEA79F /* Build configuration list for PBXNativeTarget "NotesWithCoreData" */ = {
			isa = XCConfigurationList;
			buildConfigurations = (
				AE23704E29449E8900DEA79F /* Debug */,
				AE23704F29449E8900DEA79F /* Release */,
			);
			defaultConfigurationIsVisible = 0;
			defaultConfigurationName = Release;
		};
/* End XCConfigurationList section */

/* Begin XCVersionGroup section */
		AE23704229449E8800DEA79F /* NotesWithCoreData.xcdatamodeld */ = {
			isa = XCVersionGroup;
			children = (
				AE23704329449E8800DEA79F /* NotesWithCoreData.xcdatamodel */,
			);
			currentVersion = AE23704329449E8800DEA79F /* NotesWithCoreData.xcdatamodel */;
			path = NotesWithCoreData.xcdatamodeld;
			sourceTree = "<group>";
			versionGroupType = wrapper.xcdatamodel;
		};
/* End XCVersionGroup section */
	};
	rootObject = AE23702E29449E8800DEA79F /* Project object */;
}
