// !$*UTF8*$!
{
	archiveVersion = 1;
	classes = {
	};
	objectVersion = 56;
	objects = {

/* Begin PBXBuildFile section */
		AE3DE45129C5FACB00615E30 /* ProjectDependencies in Frameworks */ = {isa = PBXBuildFile; productRef = AE3DE45029C5FACB00615E30 /* ProjectDependencies */; };
		AED7BC0C29BC7AE600DCF749 /* AppDelegate.swift in Sources */ = {isa = PBXBuildFile; fileRef = AED7BC0B29BC7AE600DCF749 /* AppDelegate.swift */; };
		AED7BC0E29BC7AE600DCF749 /* SceneDelegate.swift in Sources */ = {isa = PBXBuildFile; fileRef = AED7BC0D29BC7AE600DCF749 /* SceneDelegate.swift */; };
		AED7BC1029BC7AE600DCF749 /* FightViewController.swift in Sources */ = {isa = PBXBuildFile; fileRef = AED7BC0F29BC7AE600DCF749 /* FightViewController.swift */; };
		AED7BC1329BC7AE600DCF749 /* Main.storyboard in Resources */ = {isa = PBXBuildFile; fileRef = AED7BC1129BC7AE600DCF749 /* Main.storyboard */; };
		AED7BC1629BC7AE600DCF749 /* FightingSimulator2999.xcdatamodeld in Sources */ = {isa = PBXBuildFile; fileRef = AED7BC1429BC7AE600DCF749 /* FightingSimulator2999.xcdatamodeld */; };
		AED7BC1829BC7AE700DCF749 /* Assets.xcassets in Resources */ = {isa = PBXBuildFile; fileRef = AED7BC1729BC7AE700DCF749 /* Assets.xcassets */; };
		AED7BC1B29BC7AE700DCF749 /* LaunchScreen.storyboard in Resources */ = {isa = PBXBuildFile; fileRef = AED7BC1929BC7AE700DCF749 /* LaunchScreen.storyboard */; };
		AED7BC2629BC7AE700DCF749 /* FightingSimulator2999Tests.swift in Sources */ = {isa = PBXBuildFile; fileRef = AED7BC2529BC7AE700DCF749 /* FightingSimulator2999Tests.swift */; };
		AED7BC3029BC7AE700DCF749 /* FightingSimulator2999UITests.swift in Sources */ = {isa = PBXBuildFile; fileRef = AED7BC2F29BC7AE700DCF749 /* FightingSimulator2999UITests.swift */; };
		AED7BC4329BC7B5700DCF749 /* ResultViewController.swift in Sources */ = {isa = PBXBuildFile; fileRef = AED7BC4229BC7B5700DCF749 /* ResultViewController.swift */; };
		AED7BC4529BC7B6800DCF749 /* DefaultPlayerService.swift in Sources */ = {isa = PBXBuildFile; fileRef = AED7BC4429BC7B6800DCF749 /* DefaultPlayerService.swift */; };
		AED7BC4729BC84F100DCF749 /* MockFightService.swift in Sources */ = {isa = PBXBuildFile; fileRef = AED7BC4629BC84F100DCF749 /* MockFightService.swift */; };
		AEE7F93A29C5F45400CCA155 /* DefaultFightService.swift in Sources */ = {isa = PBXBuildFile; fileRef = AEE7F93929C5F45400CCA155 /* DefaultFightService.swift */; };
/* End PBXBuildFile section */

/* Begin PBXContainerItemProxy section */
		AED7BC2229BC7AE700DCF749 /* PBXContainerItemProxy */ = {
			isa = PBXContainerItemProxy;
			containerPortal = AED7BC0029BC7AE600DCF749 /* Project object */;
			proxyType = 1;
			remoteGlobalIDString = AED7BC0729BC7AE600DCF749;
			remoteInfo = FightingSimulator2999;
		};
		AED7BC2C29BC7AE700DCF749 /* PBXContainerItemProxy */ = {
			isa = PBXContainerItemProxy;
			containerPortal = AED7BC0029BC7AE600DCF749 /* Project object */;
			proxyType = 1;
			remoteGlobalIDString = AED7BC0729BC7AE600DCF749;
			remoteInfo = FightingSimulator2999;
		};
/* End PBXContainerItemProxy section */

/* Begin PBXFileReference section */
		AE3DE44E29C5FAA100615E30 /* ProjectDependencies */ = {isa = PBXFileReference; lastKnownFileType = wrapper; name = ProjectDependencies; path = Packages/ProjectDependencies; sourceTree = "<group>"; };
		AED7BC0829BC7AE600DCF749 /* FightingSimulator2999.app */ = {isa = PBXFileReference; explicitFileType = wrapper.application; includeInIndex = 0; path = FightingSimulator2999.app; sourceTree = BUILT_PRODUCTS_DIR; };
		AED7BC0B29BC7AE600DCF749 /* AppDelegate.swift */ = {isa = PBXFileReference; lastKnownFileType = sourcecode.swift; path = AppDelegate.swift; sourceTree = "<group>"; };
		AED7BC0D29BC7AE600DCF749 /* SceneDelegate.swift */ = {isa = PBXFileReference; lastKnownFileType = sourcecode.swift; path = SceneDelegate.swift; sourceTree = "<group>"; };
		AED7BC0F29BC7AE600DCF749 /* FightViewController.swift */ = {isa = PBXFileReference; lastKnownFileType = sourcecode.swift; path = FightViewController.swift; sourceTree = "<group>"; };
		AED7BC1229BC7AE600DCF749 /* Base */ = {isa = PBXFileReference; lastKnownFileType = file.storyboard; name = Base; path = Base.lproj/Main.storyboard; sourceTree = "<group>"; };
		AED7BC1529BC7AE600DCF749 /* FightingSimulator2999.xcdatamodel */ = {isa = PBXFileReference; lastKnownFileType = wrapper.xcdatamodel; path = FightingSimulator2999.xcdatamodel; sourceTree = "<group>"; };
		AED7BC1729BC7AE700DCF749 /* Assets.xcassets */ = {isa = PBXFileReference; lastKnownFileType = folder.assetcatalog; path = Assets.xcassets; sourceTree = "<group>"; };
		AED7BC1A29BC7AE700DCF749 /* Base */ = {isa = PBXFileReference; lastKnownFileType = file.storyboard; name = Base; path = Base.lproj/LaunchScreen.storyboard; sourceTree = "<group>"; };
		AED7BC1C29BC7AE700DCF749 /* Info.plist */ = {isa = PBXFileReference; lastKnownFileType = text.plist.xml; path = Info.plist; sourceTree = "<group>"; };
		AED7BC2129BC7AE700DCF749 /* FightingSimulator2999Tests.xctest */ = {isa = PBXFileReference; explicitFileType = wrapper.cfbundle; includeInIndex = 0; path = FightingSimulator2999Tests.xctest; sourceTree = BUILT_PRODUCTS_DIR; };
		AED7BC2529BC7AE700DCF749 /* FightingSimulator2999Tests.swift */ = {isa = PBXFileReference; lastKnownFileType = sourcecode.swift; path = FightingSimulator2999Tests.swift; sourceTree = "<group>"; };
		AED7BC2B29BC7AE700DCF749 /* FightingSimulator2999UITests.xctest */ = {isa = PBXFileReference; explicitFileType = wrapper.cfbundle; includeInIndex = 0; path = FightingSimulator2999UITests.xctest; sourceTree = BUILT_PRODUCTS_DIR; };
		AED7BC2F29BC7AE700DCF749 /* FightingSimulator2999UITests.swift */ = {isa = PBXFileReference; lastKnownFileType = sourcecode.swift; path = FightingSimulator2999UITests.swift; sourceTree = "<group>"; };
		AED7BC4229BC7B5700DCF749 /* ResultViewController.swift */ = {isa = PBXFileReference; lastKnownFileType = sourcecode.swift; path = ResultViewController.swift; sourceTree = "<group>"; };
		AED7BC4429BC7B6800DCF749 /* DefaultPlayerService.swift */ = {isa = PBXFileReference; lastKnownFileType = sourcecode.swift; path = DefaultPlayerService.swift; sourceTree = "<group>"; };
		AED7BC4629BC84F100DCF749 /* MockFightService.swift */ = {isa = PBXFileReference; lastKnownFileType = sourcecode.swift; path = MockFightService.swift; sourceTree = "<group>"; };
		AEE7F93929C5F45400CCA155 /* DefaultFightService.swift */ = {isa = PBXFileReference; lastKnownFileType = sourcecode.swift; path = DefaultFightService.swift; sourceTree = "<group>"; };
/* End PBXFileReference section */

/* Begin PBXFrameworksBuildPhase section */
		AED7BC0529BC7AE600DCF749 /* Frameworks */ = {
			isa = PBXFrameworksBuildPhase;
			buildActionMask = 2147483647;
			files = (
				AE3DE45129C5FACB00615E30 /* ProjectDependencies in Frameworks */,
			);
			runOnlyForDeploymentPostprocessing = 0;
		};
		AED7BC1E29BC7AE700DCF749 /* Frameworks */ = {
			isa = PBXFrameworksBuildPhase;
			buildActionMask = 2147483647;
			files = (
			);
			runOnlyForDeploymentPostprocessing = 0;
		};
		AED7BC2829BC7AE700DCF749 /* Frameworks */ = {
			isa = PBXFrameworksBuildPhase;
			buildActionMask = 2147483647;
			files = (
			);
			runOnlyForDeploymentPostprocessing = 0;
		};
/* End PBXFrameworksBuildPhase section */

/* Begin PBXGroup section */
		AE3DE44D29C5FAA100615E30 /* Packages */ = {
			isa = PBXGroup;
			children = (
				AE3DE44E29C5FAA100615E30 /* ProjectDependencies */,
			);
			name = Packages;
			sourceTree = "<group>";
		};
		AE3DE44F29C5FACB00615E30 /* Frameworks */ = {
			isa = PBXGroup;
			children = (
			);
			name = Frameworks;
			sourceTree = "<group>";
		};
		AED7BBFF29BC7AE600DCF749 = {
			isa = PBXGroup;
			children = (
				AE3DE44D29C5FAA100615E30 /* Packages */,
				AED7BC0A29BC7AE600DCF749 /* FightingSimulator2999 */,
				AED7BC2429BC7AE700DCF749 /* FightingSimulator2999Tests */,
				AED7BC2E29BC7AE700DCF749 /* FightingSimulator2999UITests */,
				AED7BC0929BC7AE600DCF749 /* Products */,
				AE3DE44F29C5FACB00615E30 /* Frameworks */,
			);
			sourceTree = "<group>";
		};
		AED7BC0929BC7AE600DCF749 /* Products */ = {
			isa = PBXGroup;
			children = (
				AED7BC0829BC7AE600DCF749 /* FightingSimulator2999.app */,
				AED7BC2129BC7AE700DCF749 /* FightingSimulator2999Tests.xctest */,
				AED7BC2B29BC7AE700DCF749 /* FightingSimulator2999UITests.xctest */,
			);
			name = Products;
			sourceTree = "<group>";
		};
		AED7BC0A29BC7AE600DCF749 /* FightingSimulator2999 */ = {
			isa = PBXGroup;
			children = (
				AED7BC3F29BC7B0000DCF749 /* Presentation */,
				AED7BC3E29BC7AF700DCF749 /* Services */,
				AED7BC0B29BC7AE600DCF749 /* AppDelegate.swift */,
				AED7BC0D29BC7AE600DCF749 /* SceneDelegate.swift */,
				AED7BC1129BC7AE600DCF749 /* Main.storyboard */,
				AED7BC1729BC7AE700DCF749 /* Assets.xcassets */,
				AED7BC1929BC7AE700DCF749 /* LaunchScreen.storyboard */,
				AED7BC1C29BC7AE700DCF749 /* Info.plist */,
				AED7BC1429BC7AE600DCF749 /* FightingSimulator2999.xcdatamodeld */,
			);
			path = FightingSimulator2999;
			sourceTree = "<group>";
		};
		AED7BC2429BC7AE700DCF749 /* FightingSimulator2999Tests */ = {
			isa = PBXGroup;
			children = (
				AED7BC2529BC7AE700DCF749 /* FightingSimulator2999Tests.swift */,
				AED7BC4629BC84F100DCF749 /* MockFightService.swift */,
			);
			path = FightingSimulator2999Tests;
			sourceTree = "<group>";
		};
		AED7BC2E29BC7AE700DCF749 /* FightingSimulator2999UITests */ = {
			isa = PBXGroup;
			children = (
				AED7BC2F29BC7AE700DCF749 /* FightingSimulator2999UITests.swift */,
			);
			path = FightingSimulator2999UITests;
			sourceTree = "<group>";
		};
		AED7BC3E29BC7AF700DCF749 /* Services */ = {
			isa = PBXGroup;
			children = (
				AED7BC4429BC7B6800DCF749 /* DefaultPlayerService.swift */,
				AEE7F93929C5F45400CCA155 /* DefaultFightService.swift */,
			);
			path = Services;
			sourceTree = "<group>";
		};
		AED7BC3F29BC7B0000DCF749 /* Presentation */ = {
			isa = PBXGroup;
			children = (
				AED7BC0F29BC7AE600DCF749 /* FightViewController.swift */,
				AED7BC4229BC7B5700DCF749 /* ResultViewController.swift */,
			);
			path = Presentation;
			sourceTree = "<group>";
		};
/* End PBXGroup section */

/* Begin PBXNativeTarget section */
		AED7BC0729BC7AE600DCF749 /* FightingSimulator2999 */ = {
			isa = PBXNativeTarget;
			buildConfigurationList = AED7BC3529BC7AE700DCF749 /* Build configuration list for PBXNativeTarget "FightingSimulator2999" */;
			buildPhases = (
				AED7BC0429BC7AE600DCF749 /* Sources */,
				AED7BC0529BC7AE600DCF749 /* Frameworks */,
				AED7BC0629BC7AE600DCF749 /* Resources */,
			);
			buildRules = (
			);
			dependencies = (
			);
			name = FightingSimulator2999;
			packageProductDependencies = (
				AE3DE45029C5FACB00615E30 /* ProjectDependencies */,
			);
			productName = FightingSimulator2999;
			productReference = AED7BC0829BC7AE600DCF749 /* FightingSimulator2999.app */;
			productType = "com.apple.product-type.application";
		};
		AED7BC2029BC7AE700DCF749 /* FightingSimulator2999Tests */ = {
			isa = PBXNativeTarget;
			buildConfigurationList = AED7BC3829BC7AE700DCF749 /* Build configuration list for PBXNativeTarget "FightingSimulator2999Tests" */;
			buildPhases = (
				AED7BC1D29BC7AE700DCF749 /* Sources */,
				AED7BC1E29BC7AE700DCF749 /* Frameworks */,
				AED7BC1F29BC7AE700DCF749 /* Resources */,
			);
			buildRules = (
			);
			dependencies = (
				AED7BC2329BC7AE700DCF749 /* PBXTargetDependency */,
			);
			name = FightingSimulator2999Tests;
			productName = FightingSimulator2999Tests;
			productReference = AED7BC2129BC7AE700DCF749 /* FightingSimulator2999Tests.xctest */;
			productType = "com.apple.product-type.bundle.unit-test";
		};
		AED7BC2A29BC7AE700DCF749 /* FightingSimulator2999UITests */ = {
			isa = PBXNativeTarget;
			buildConfigurationList = AED7BC3B29BC7AE700DCF749 /* Build configuration list for PBXNativeTarget "FightingSimulator2999UITests" */;
			buildPhases = (
				AED7BC2729BC7AE700DCF749 /* Sources */,
				AED7BC2829BC7AE700DCF749 /* Frameworks */,
				AED7BC2929BC7AE700DCF749 /* Resources */,
			);
			buildRules = (
			);
			dependencies = (
				AED7BC2D29BC7AE700DCF749 /* PBXTargetDependency */,
			);
			name = FightingSimulator2999UITests;
			productName = FightingSimulator2999UITests;
			productReference = AED7BC2B29BC7AE700DCF749 /* FightingSimulator2999UITests.xctest */;
			productType = "com.apple.product-type.bundle.ui-testing";
		};
/* End PBXNativeTarget section */

/* Begin PBXProject section */
		AED7BC0029BC7AE600DCF749 /* Project object */ = {
			isa = PBXProject;
			attributes = {
				BuildIndependentTargetsInParallel = 1;
				LastSwiftUpdateCheck = 1420;
				LastUpgradeCheck = 1420;
				TargetAttributes = {
					AED7BC0729BC7AE600DCF749 = {
						CreatedOnToolsVersion = 14.2;
					};
					AED7BC2029BC7AE700DCF749 = {
						CreatedOnToolsVersion = 14.2;
						TestTargetID = AED7BC0729BC7AE600DCF749;
					};
					AED7BC2A29BC7AE700DCF749 = {
						CreatedOnToolsVersion = 14.2;
						TestTargetID = AED7BC0729BC7AE600DCF749;
					};
				};
			};
			buildConfigurationList = AED7BC0329BC7AE600DCF749 /* Build configuration list for PBXProject "FightingSimulator2999" */;
			compatibilityVersion = "Xcode 14.0";
			developmentRegion = en;
			hasScannedForEncodings = 0;
			knownRegions = (
				en,
				Base,
			);
			mainGroup = AED7BBFF29BC7AE600DCF749;
			productRefGroup = AED7BC0929BC7AE600DCF749 /* Products */;
			projectDirPath = "";
			projectRoot = "";
			targets = (
				AED7BC0729BC7AE600DCF749 /* FightingSimulator2999 */,
				AED7BC2029BC7AE700DCF749 /* FightingSimulator2999Tests */,
				AED7BC2A29BC7AE700DCF749 /* FightingSimulator2999UITests */,
			);
		};
/* End PBXProject section */

/* Begin PBXResourcesBuildPhase section */
		AED7BC0629BC7AE600DCF749 /* Resources */ = {
			isa = PBXResourcesBuildPhase;
			buildActionMask = 2147483647;
			files = (
				AED7BC1B29BC7AE700DCF749 /* LaunchScreen.storyboard in Resources */,
				AED7BC1829BC7AE700DCF749 /* Assets.xcassets in Resources */,
				AED7BC1329BC7AE600DCF749 /* Main.storyboard in Resources */,
			);
			runOnlyForDeploymentPostprocessing = 0;
		};
		AED7BC1F29BC7AE700DCF749 /* Resources */ = {
			isa = PBXResourcesBuildPhase;
			buildActionMask = 2147483647;
			files = (
			);
			runOnlyForDeploymentPostprocessing = 0;
		};
		AED7BC2929BC7AE700DCF749 /* Resources */ = {
			isa = PBXResourcesBuildPhase;
			buildActionMask = 2147483647;
			files = (
			);
			runOnlyForDeploymentPostprocessing = 0;
		};
/* End PBXResourcesBuildPhase section */

/* Begin PBXSourcesBuildPhase section */
		AED7BC0429BC7AE600DCF749 /* Sources */ = {
			isa = PBXSourcesBuildPhase;
			buildActionMask = 2147483647;
			files = (
				AED7BC4329BC7B5700DCF749 /* ResultViewController.swift in Sources */,
				AED7BC1029BC7AE600DCF749 /* FightViewController.swift in Sources */,
				AEE7F93A29C5F45400CCA155 /* DefaultFightService.swift in Sources */,
				AED7BC4529BC7B6800DCF749 /* DefaultPlayerService.swift in Sources */,
				AED7BC0C29BC7AE600DCF749 /* AppDelegate.swift in Sources */,
				AED7BC0E29BC7AE600DCF749 /* SceneDelegate.swift in Sources */,
				AED7BC1629BC7AE600DCF749 /* FightingSimulator2999.xcdatamodeld in Sources */,
			);
			runOnlyForDeploymentPostprocessing = 0;
		};
		AED7BC1D29BC7AE700DCF749 /* Sources */ = {
			isa = PBXSourcesBuildPhase;
			buildActionMask = 2147483647;
			files = (
				AED7BC4729BC84F100DCF749 /* MockFightService.swift in Sources */,
				AED7BC2629BC7AE700DCF749 /* FightingSimulator2999Tests.swift in Sources */,
			);
			runOnlyForDeploymentPostprocessing = 0;
		};
		AED7BC2729BC7AE700DCF749 /* Sources */ = {
			isa = PBXSourcesBuildPhase;
			buildActionMask = 2147483647;
			files = (
				AED7BC3029BC7AE700DCF749 /* FightingSimulator2999UITests.swift in Sources */,
			);
			runOnlyForDeploymentPostprocessing = 0;
		};
/* End PBXSourcesBuildPhase section */

/* Begin PBXTargetDependency section */
		AED7BC2329BC7AE700DCF749 /* PBXTargetDependency */ = {
			isa = PBXTargetDependency;
			target = AED7BC0729BC7AE600DCF749 /* FightingSimulator2999 */;
			targetProxy = AED7BC2229BC7AE700DCF749 /* PBXContainerItemProxy */;
		};
		AED7BC2D29BC7AE700DCF749 /* PBXTargetDependency */ = {
			isa = PBXTargetDependency;
			target = AED7BC0729BC7AE600DCF749 /* FightingSimulator2999 */;
			targetProxy = AED7BC2C29BC7AE700DCF749 /* PBXContainerItemProxy */;
		};
/* End PBXTargetDependency section */

/* Begin PBXVariantGroup section */
		AED7BC1129BC7AE600DCF749 /* Main.storyboard */ = {
			isa = PBXVariantGroup;
			children = (
				AED7BC1229BC7AE600DCF749 /* Base */,
			);
			name = Main.storyboard;
			sourceTree = "<group>";
		};
		AED7BC1929BC7AE700DCF749 /* LaunchScreen.storyboard */ = {
			isa = PBXVariantGroup;
			children = (
				AED7BC1A29BC7AE700DCF749 /* Base */,
			);
			name = LaunchScreen.storyboard;
			sourceTree = "<group>";
		};
/* End PBXVariantGroup section */

/* Begin XCBuildConfiguration section */
		AED7BC3329BC7AE700DCF749 /* Debug */ = {
			isa = XCBuildConfiguration;
			buildSettings = {
				ALWAYS_SEARCH_USER_PATHS = NO;
				CLANG_ANALYZER_NONNULL = YES;
				CLANG_ANALYZER_NUMBER_OBJECT_CONVERSION = YES_AGGRESSIVE;
				CLANG_CXX_LANGUAGE_STANDARD = "gnu++20";
				CLANG_ENABLE_MODULES = YES;
				CLANG_ENABLE_OBJC_ARC = YES;
				CLANG_ENABLE_OBJC_WEAK = YES;
				CLANG_WARN_BLOCK_CAPTURE_AUTORELEASING = YES;
				CLANG_WARN_BOOL_CONVERSION = YES;
				CLANG_WARN_COMMA = YES;
				CLANG_WARN_CONSTANT_CONVERSION = YES;
				CLANG_WARN_DEPRECATED_OBJC_IMPLEMENTATIONS = YES;
				CLANG_WARN_DIRECT_OBJC_ISA_USAGE = YES_ERROR;
				CLANG_WARN_DOCUMENTATION_COMMENTS = YES;
				CLANG_WARN_EMPTY_BODY = YES;
				CLANG_WARN_ENUM_CONVERSION = YES;
				CLANG_WARN_INFINITE_RECURSION = YES;
				CLANG_WARN_INT_CONVERSION = YES;
				CLANG_WARN_NON_LITERAL_NULL_CONVERSION = YES;
				CLANG_WARN_OBJC_IMPLICIT_RETAIN_SELF = YES;
				CLANG_WARN_OBJC_LITERAL_CONVERSION = YES;
				CLANG_WARN_OBJC_ROOT_CLASS = YES_ERROR;
				CLANG_WARN_QUOTED_INCLUDE_IN_FRAMEWORK_HEADER = YES;
				CLANG_WARN_RANGE_LOOP_ANALYSIS = YES;
				CLANG_WARN_STRICT_PROTOTYPES = YES;
				CLANG_WARN_SUSPICIOUS_MOVE = YES;
				CLANG_WARN_UNGUARDED_AVAILABILITY = YES_AGGRESSIVE;
				CLANG_WARN_UNREACHABLE_CODE = YES;
				CLANG_WARN__DUPLICATE_METHOD_MATCH = YES;
				COPY_PHASE_STRIP = NO;
				DEBUG_INFORMATION_FORMAT = dwarf;
				ENABLE_STRICT_OBJC_MSGSEND = YES;
				ENABLE_TESTABILITY = YES;
				GCC_C_LANGUAGE_STANDARD = gnu11;
				GCC_DYNAMIC_NO_PIC = NO;
				GCC_NO_COMMON_BLOCKS = YES;
				GCC_OPTIMIZATION_LEVEL = 0;
				GCC_PREPROCESSOR_DEFINITIONS = (
					"DEBUG=1",
					"$(inherited)",
				);
				GCC_WARN_64_TO_32_BIT_CONVERSION = YES;
				GCC_WARN_ABOUT_RETURN_TYPE = YES_ERROR;
				GCC_WARN_UNDECLARED_SELECTOR = YES;
				GCC_WARN_UNINITIALIZED_AUTOS = YES_AGGRESSIVE;
				GCC_WARN_UNUSED_FUNCTION = YES;
				GCC_WARN_UNUSED_VARIABLE = YES;
				IPHONEOS_DEPLOYMENT_TARGET = 16.2;
				MTL_ENABLE_DEBUG_INFO = INCLUDE_SOURCE;
				MTL_FAST_MATH = YES;
				ONLY_ACTIVE_ARCH = YES;
				SDKROOT = iphoneos;
				SWIFT_ACTIVE_COMPILATION_CONDITIONS = DEBUG;
				SWIFT_OPTIMIZATION_LEVEL = "-Onone";
			};
			name = Debug;
		};
		AED7BC3429BC7AE700DCF749 /* Release */ = {
			isa = XCBuildConfiguration;
			buildSettings = {
				ALWAYS_SEARCH_USER_PATHS = NO;
				CLANG_ANALYZER_NONNULL = YES;
				CLANG_ANALYZER_NUMBER_OBJECT_CONVERSION = YES_AGGRESSIVE;
				CLANG_CXX_LANGUAGE_STANDARD = "gnu++20";
				CLANG_ENABLE_MODULES = YES;
				CLANG_ENABLE_OBJC_ARC = YES;
				CLANG_ENABLE_OBJC_WEAK = YES;
				CLANG_WARN_BLOCK_CAPTURE_AUTORELEASING = YES;
				CLANG_WARN_BOOL_CONVERSION = YES;
				CLANG_WARN_COMMA = YES;
				CLANG_WARN_CONSTANT_CONVERSION = YES;
				CLANG_WARN_DEPRECATED_OBJC_IMPLEMENTATIONS = YES;
				CLANG_WARN_DIRECT_OBJC_ISA_USAGE = YES_ERROR;
				CLANG_WARN_DOCUMENTATION_COMMENTS = YES;
				CLANG_WARN_EMPTY_BODY = YES;
				CLANG_WARN_ENUM_CONVERSION = YES;
				CLANG_WARN_INFINITE_RECURSION = YES;
				CLANG_WARN_INT_CONVERSION = YES;
				CLANG_WARN_NON_LITERAL_NULL_CONVERSION = YES;
				CLANG_WARN_OBJC_IMPLICIT_RETAIN_SELF = YES;
				CLANG_WARN_OBJC_LITERAL_CONVERSION = YES;
				CLANG_WARN_OBJC_ROOT_CLASS = YES_ERROR;
				CLANG_WARN_QUOTED_INCLUDE_IN_FRAMEWORK_HEADER = YES;
				CLANG_WARN_RANGE_LOOP_ANALYSIS = YES;
				CLANG_WARN_STRICT_PROTOTYPES = YES;
				CLANG_WARN_SUSPICIOUS_MOVE = YES;
				CLANG_WARN_UNGUARDED_AVAILABILITY = YES_AGGRESSIVE;
				CLANG_WARN_UNREACHABLE_CODE = YES;
				CLANG_WARN__DUPLICATE_METHOD_MATCH = YES;
				COPY_PHASE_STRIP = NO;
				DEBUG_INFORMATION_FORMAT = "dwarf-with-dsym";
				ENABLE_NS_ASSERTIONS = NO;
				ENABLE_STRICT_OBJC_MSGSEND = YES;
				GCC_C_LANGUAGE_STANDARD = gnu11;
				GCC_NO_COMMON_BLOCKS = YES;
				GCC_WARN_64_TO_32_BIT_CONVERSION = YES;
				GCC_WARN_ABOUT_RETURN_TYPE = YES_ERROR;
				GCC_WARN_UNDECLARED_SELECTOR = YES;
				GCC_WARN_UNINITIALIZED_AUTOS = YES_AGGRESSIVE;
				GCC_WARN_UNUSED_FUNCTION = YES;
				GCC_WARN_UNUSED_VARIABLE = YES;
				IPHONEOS_DEPLOYMENT_TARGET = 16.2;
				MTL_ENABLE_DEBUG_INFO = NO;
				MTL_FAST_MATH = YES;
				SDKROOT = iphoneos;
				SWIFT_COMPILATION_MODE = wholemodule;
				SWIFT_OPTIMIZATION_LEVEL = "-O";
				VALIDATE_PRODUCT = YES;
			};
			name = Release;
		};
		AED7BC3629BC7AE700DCF749 /* Debug */ = {
			isa = XCBuildConfiguration;
			buildSettings = {
				ASSETCATALOG_COMPILER_APPICON_NAME = AppIcon;
				ASSETCATALOG_COMPILER_GLOBAL_ACCENT_COLOR_NAME = AccentColor;
				CODE_SIGN_STYLE = Automatic;
				CURRENT_PROJECT_VERSION = 1;
				GENERATE_INFOPLIST_FILE = YES;
				INFOPLIST_FILE = FightingSimulator2999/Info.plist;
				INFOPLIST_KEY_UIApplicationSupportsIndirectInputEvents = YES;
				INFOPLIST_KEY_UILaunchStoryboardName = LaunchScreen;
				INFOPLIST_KEY_UIMainStoryboardFile = Main;
				INFOPLIST_KEY_UISupportedInterfaceOrientations_iPad = "UIInterfaceOrientationPortrait UIInterfaceOrientationPortraitUpsideDown UIInterfaceOrientationLandscapeLeft UIInterfaceOrientationLandscapeRight";
				INFOPLIST_KEY_UISupportedInterfaceOrientations_iPhone = "UIInterfaceOrientationPortrait UIInterfaceOrientationLandscapeLeft UIInterfaceOrientationLandscapeRight";
				LD_RUNPATH_SEARCH_PATHS = (
					"$(inherited)",
					"@executable_path/Frameworks",
				);
				MARKETING_VERSION = 1.0;
				PRODUCT_BUNDLE_IDENTIFIER = com.github.azigangaraev.FightingSimulator2999;
				PRODUCT_NAME = "$(TARGET_NAME)";
				SWIFT_EMIT_LOC_STRINGS = YES;
				SWIFT_VERSION = 5.0;
				TARGETED_DEVICE_FAMILY = "1,2";
			};
			name = Debug;
		};
		AED7BC3729BC7AE700DCF749 /* Release */ = {
			isa = XCBuildConfiguration;
			buildSettings = {
				ASSETCATALOG_COMPILER_APPICON_NAME = AppIcon;
				ASSETCATALOG_COMPILER_GLOBAL_ACCENT_COLOR_NAME = AccentColor;
				CODE_SIGN_STYLE = Automatic;
				CURRENT_PROJECT_VERSION = 1;
				GENERATE_INFOPLIST_FILE = YES;
				INFOPLIST_FILE = FightingSimulator2999/Info.plist;
				INFOPLIST_KEY_UIApplicationSupportsIndirectInputEvents = YES;
				INFOPLIST_KEY_UILaunchStoryboardName = LaunchScreen;
				INFOPLIST_KEY_UIMainStoryboardFile = Main;
				INFOPLIST_KEY_UISupportedInterfaceOrientations_iPad = "UIInterfaceOrientationPortrait UIInterfaceOrientationPortraitUpsideDown UIInterfaceOrientationLandscapeLeft UIInterfaceOrientationLandscapeRight";
				INFOPLIST_KEY_UISupportedInterfaceOrientations_iPhone = "UIInterfaceOrientationPortrait UIInterfaceOrientationLandscapeLeft UIInterfaceOrientationLandscapeRight";
				LD_RUNPATH_SEARCH_PATHS = (
					"$(inherited)",
					"@executable_path/Frameworks",
				);
				MARKETING_VERSION = 1.0;
				PRODUCT_BUNDLE_IDENTIFIER = com.github.azigangaraev.FightingSimulator2999;
				PRODUCT_NAME = "$(TARGET_NAME)";
				SWIFT_EMIT_LOC_STRINGS = YES;
				SWIFT_VERSION = 5.0;
				TARGETED_DEVICE_FAMILY = "1,2";
			};
			name = Release;
		};
		AED7BC3929BC7AE700DCF749 /* Debug */ = {
			isa = XCBuildConfiguration;
			buildSettings = {
				ALWAYS_EMBED_SWIFT_STANDARD_LIBRARIES = YES;
				BUNDLE_LOADER = "$(TEST_HOST)";
				CODE_SIGN_STYLE = Automatic;
				CURRENT_PROJECT_VERSION = 1;
				GENERATE_INFOPLIST_FILE = YES;
				IPHONEOS_DEPLOYMENT_TARGET = 16.2;
				MARKETING_VERSION = 1.0;
				PRODUCT_BUNDLE_IDENTIFIER = com.github.azigangaraev.FightingSimulator2999Tests;
				PRODUCT_NAME = "$(TARGET_NAME)";
				SWIFT_EMIT_LOC_STRINGS = NO;
				SWIFT_VERSION = 5.0;
				TARGETED_DEVICE_FAMILY = "1,2";
				TEST_HOST = "$(BUILT_PRODUCTS_DIR)/FightingSimulator2999.app/$(BUNDLE_EXECUTABLE_FOLDER_PATH)/FightingSimulator2999";
			};
			name = Debug;
		};
		AED7BC3A29BC7AE700DCF749 /* Release */ = {
			isa = XCBuildConfiguration;
			buildSettings = {
				ALWAYS_EMBED_SWIFT_STANDARD_LIBRARIES = YES;
				BUNDLE_LOADER = "$(TEST_HOST)";
				CODE_SIGN_STYLE = Automatic;
				CURRENT_PROJECT_VERSION = 1;
				GENERATE_INFOPLIST_FILE = YES;
				IPHONEOS_DEPLOYMENT_TARGET = 16.2;
				MARKETING_VERSION = 1.0;
				PRODUCT_BUNDLE_IDENTIFIER = com.github.azigangaraev.FightingSimulator2999Tests;
				PRODUCT_NAME = "$(TARGET_NAME)";
				SWIFT_EMIT_LOC_STRINGS = NO;
				SWIFT_VERSION = 5.0;
				TARGETED_DEVICE_FAMILY = "1,2";
				TEST_HOST = "$(BUILT_PRODUCTS_DIR)/FightingSimulator2999.app/$(BUNDLE_EXECUTABLE_FOLDER_PATH)/FightingSimulator2999";
			};
			name = Release;
		};
		AED7BC3C29BC7AE700DCF749 /* Debug */ = {
			isa = XCBuildConfiguration;
			buildSettings = {
				ALWAYS_EMBED_SWIFT_STANDARD_LIBRARIES = YES;
				CODE_SIGN_STYLE = Automatic;
				CURRENT_PROJECT_VERSION = 1;
				GENERATE_INFOPLIST_FILE = YES;
				MARKETING_VERSION = 1.0;
				PRODUCT_BUNDLE_IDENTIFIER = com.github.azigangaraev.FightingSimulator2999UITests;
				PRODUCT_NAME = "$(TARGET_NAME)";
				SWIFT_EMIT_LOC_STRINGS = NO;
				SWIFT_VERSION = 5.0;
				TARGETED_DEVICE_FAMILY = "1,2";
				TEST_TARGET_NAME = FightingSimulator2999;
			};
			name = Debug;
		};
		AED7BC3D29BC7AE700DCF749 /* Release */ = {
			isa = XCBuildConfiguration;
			buildSettings = {
				ALWAYS_EMBED_SWIFT_STANDARD_LIBRARIES = YES;
				CODE_SIGN_STYLE = Automatic;
				CURRENT_PROJECT_VERSION = 1;
				GENERATE_INFOPLIST_FILE = YES;
				MARKETING_VERSION = 1.0;
				PRODUCT_BUNDLE_IDENTIFIER = com.github.azigangaraev.FightingSimulator2999UITests;
				PRODUCT_NAME = "$(TARGET_NAME)";
				SWIFT_EMIT_LOC_STRINGS = NO;
				SWIFT_VERSION = 5.0;
				TARGETED_DEVICE_FAMILY = "1,2";
				TEST_TARGET_NAME = FightingSimulator2999;
			};
			name = Release;
		};
/* End XCBuildConfiguration section */

/* Begin XCConfigurationList section */
		AED7BC0329BC7AE600DCF749 /* Build configuration list for PBXProject "FightingSimulator2999" */ = {
			isa = XCConfigurationList;
			buildConfigurations = (
				AED7BC3329BC7AE700DCF749 /* Debug */,
				AED7BC3429BC7AE700DCF749 /* Release */,
			);
			defaultConfigurationIsVisible = 0;
			defaultConfigurationName = Release;
		};
		AED7BC3529BC7AE700DCF749 /* Build configuration list for PBXNativeTarget "FightingSimulator2999" */ = {
			isa = XCConfigurationList;
			buildConfigurations = (
				AED7BC3629BC7AE700DCF749 /* Debug */,
				AED7BC3729BC7AE700DCF749 /* Release */,
			);
			defaultConfigurationIsVisible = 0;
			defaultConfigurationName = Release;
		};
		AED7BC3829BC7AE700DCF749 /* Build configuration list for PBXNativeTarget "FightingSimulator2999Tests" */ = {
			isa = XCConfigurationList;
			buildConfigurations = (
				AED7BC3929BC7AE700DCF749 /* Debug */,
				AED7BC3A29BC7AE700DCF749 /* Release */,
			);
			defaultConfigurationIsVisible = 0;
			defaultConfigurationName = Release;
		};
		AED7BC3B29BC7AE700DCF749 /* Build configuration list for PBXNativeTarget "FightingSimulator2999UITests" */ = {
			isa = XCConfigurationList;
			buildConfigurations = (
				AED7BC3C29BC7AE700DCF749 /* Debug */,
				AED7BC3D29BC7AE700DCF749 /* Release */,
			);
			defaultConfigurationIsVisible = 0;
			defaultConfigurationName = Release;
		};
/* End XCConfigurationList section */

/* Begin XCSwiftPackageProductDependency section */
		AE3DE45029C5FACB00615E30 /* ProjectDependencies */ = {
			isa = XCSwiftPackageProductDependency;
			productName = ProjectDependencies;
		};
/* End XCSwiftPackageProductDependency section */

/* Begin XCVersionGroup section */
		AED7BC1429BC7AE600DCF749 /* FightingSimulator2999.xcdatamodeld */ = {
			isa = XCVersionGroup;
			children = (
				AED7BC1529BC7AE600DCF749 /* FightingSimulator2999.xcdatamodel */,
			);
			currentVersion = AED7BC1529BC7AE600DCF749 /* FightingSimulator2999.xcdatamodel */;
			path = FightingSimulator2999.xcdatamodeld;
			sourceTree = "<group>";
			versionGroupType = wrapper.xcdatamodel;
		};
/* End XCVersionGroup section */
	};
	rootObject = AED7BC0029BC7AE600DCF749 /* Project object */;
}
