// !$*UTF8*$!
{
	archiveVersion = 1;
	classes = {
	};
	objectVersion = 56;
	objects = {

/* Begin PBXBuildFile section */
		EA55B8E22955CE38006BE972 /* AppDelegate.swift in Sources */ = {isa = PBXBuildFile; fileRef = EA55B8E12955CE38006BE972 /* AppDelegate.swift */; };
		EA55B8E42955CE38006BE972 /* SceneDelegate.swift in Sources */ = {isa = PBXBuildFile; fileRef = EA55B8E32955CE38006BE972 /* SceneDelegate.swift */; };
		EA55B8E62955CE38006BE972 /* ViewController.swift in Sources */ = {isa = PBXBuildFile; fileRef = EA55B8E52955CE38006BE972 /* ViewController.swift */; };
		EA55B8EB2955CE3B006BE972 /* Assets.xcassets in Resources */ = {isa = PBXBuildFile; fileRef = EA55B8EA2955CE3B006BE972 /* Assets.xcassets */; };
		EA55B8EE2955CE3B006BE972 /* LaunchScreen.storyboard in Resources */ = {isa = PBXBuildFile; fileRef = EA55B8EC2955CE3B006BE972 /* LaunchScreen.storyboard */; };
		EA55B8F72955CF51006BE972 /* AddNoteViewController.swift in Sources */ = {isa = PBXBuildFile; fileRef = EA55B8F62955CF51006BE972 /* AddNoteViewController.swift */; };
		EA55B8F92955CF78006BE972 /* NoteViewController.swift in Sources */ = {isa = PBXBuildFile; fileRef = EA55B8F82955CF78006BE972 /* NoteViewController.swift */; };
		EA55B8FB2955CF8E006BE972 /* NotesTableViewController.swift in Sources */ = {isa = PBXBuildFile; fileRef = EA55B8FA2955CF8E006BE972 /* NotesTableViewController.swift */; };
		EA55B8FE2955E7D7006BE972 /* NoteService.swift in Sources */ = {isa = PBXBuildFile; fileRef = EA55B8FD2955E7D7006BE972 /* NoteService.swift */; };
		EA55B9002955E8B4006BE972 /* Note.swift in Sources */ = {isa = PBXBuildFile; fileRef = EA55B8FF2955E8B4006BE972 /* Note.swift */; };
/* End PBXBuildFile section */

/* Begin PBXFileReference section */
		EA55B8DE2955CE38006BE972 /* photo_notes.app */ = {isa = PBXFileReference; explicitFileType = wrapper.application; includeInIndex = 0; path = photo_notes.app; sourceTree = BUILT_PRODUCTS_DIR; };
		EA55B8E12955CE38006BE972 /* AppDelegate.swift */ = {isa = PBXFileReference; lastKnownFileType = sourcecode.swift; path = AppDelegate.swift; sourceTree = "<group>"; };
		EA55B8E32955CE38006BE972 /* SceneDelegate.swift */ = {isa = PBXFileReference; lastKnownFileType = sourcecode.swift; path = SceneDelegate.swift; sourceTree = "<group>"; };
		EA55B8E52955CE38006BE972 /* ViewController.swift */ = {isa = PBXFileReference; lastKnownFileType = sourcecode.swift; path = ViewController.swift; sourceTree = "<group>"; };
		EA55B8EA2955CE3B006BE972 /* Assets.xcassets */ = {isa = PBXFileReference; lastKnownFileType = folder.assetcatalog; path = Assets.xcassets; sourceTree = "<group>"; };
		EA55B8ED2955CE3B006BE972 /* Base */ = {isa = PBXFileReference; lastKnownFileType = file.storyboard; name = Base; path = Base.lproj/LaunchScreen.storyboard; sourceTree = "<group>"; };
		EA55B8EF2955CE3B006BE972 /* Info.plist */ = {isa = PBXFileReference; lastKnownFileType = text.plist.xml; path = Info.plist; sourceTree = "<group>"; };
		EA55B8F62955CF51006BE972 /* AddNoteViewController.swift */ = {isa = PBXFileReference; lastKnownFileType = sourcecode.swift; path = AddNoteViewController.swift; sourceTree = "<group>"; };
		EA55B8F82955CF78006BE972 /* NoteViewController.swift */ = {isa = PBXFileReference; lastKnownFileType = sourcecode.swift; path = NoteViewController.swift; sourceTree = "<group>"; };
		EA55B8FA2955CF8E006BE972 /* NotesTableViewController.swift */ = {isa = PBXFileReference; lastKnownFileType = sourcecode.swift; path = NotesTableViewController.swift; sourceTree = "<group>"; };
		EA55B8FD2955E7D7006BE972 /* NoteService.swift */ = {isa = PBXFileReference; lastKnownFileType = sourcecode.swift; path = NoteService.swift; sourceTree = "<group>"; };
		EA55B8FF2955E8B4006BE972 /* Note.swift */ = {isa = PBXFileReference; lastKnownFileType = sourcecode.swift; path = Note.swift; sourceTree = "<group>"; };
/* End PBXFileReference section */

/* Begin PBXFrameworksBuildPhase section */
		EA55B8DB2955CE37006BE972 /* Frameworks */ = {
			isa = PBXFrameworksBuildPhase;
			buildActionMask = 2147483647;
			files = (
			);
			runOnlyForDeploymentPostprocessing = 0;
		};
/* End PBXFrameworksBuildPhase section */

/* Begin PBXGroup section */
		EA55B8D52955CE37006BE972 = {
			isa = PBXGroup;
			children = (
				EA55B8E02955CE38006BE972 /* photo_notes */,
				EA55B8DF2955CE38006BE972 /* Products */,
			);
			sourceTree = "<group>";
		};
		EA55B8DF2955CE38006BE972 /* Products */ = {
			isa = PBXGroup;
			children = (
				EA55B8DE2955CE38006BE972 /* photo_notes.app */,
			);
			name = Products;
			sourceTree = "<group>";
		};
		EA55B8E02955CE38006BE972 /* photo_notes */ = {
			isa = PBXGroup;
			children = (
				EA55B8FC2955E7C3006BE972 /* Services */,
				EA55B8F52955CF2E006BE972 /* ViewControllers */,
				EA55B8E12955CE38006BE972 /* AppDelegate.swift */,
				EA55B8E32955CE38006BE972 /* SceneDelegate.swift */,
				EA55B8E52955CE38006BE972 /* ViewController.swift */,
				EA55B8EA2955CE3B006BE972 /* Assets.xcassets */,
				EA55B8EC2955CE3B006BE972 /* LaunchScreen.storyboard */,
				EA55B8EF2955CE3B006BE972 /* Info.plist */,
			);
			path = photo_notes;
			sourceTree = "<group>";
		};
		EA55B8F52955CF2E006BE972 /* ViewControllers */ = {
			isa = PBXGroup;
			children = (
				EA55B8F62955CF51006BE972 /* AddNoteViewController.swift */,
				EA55B8F82955CF78006BE972 /* NoteViewController.swift */,
				EA55B8FA2955CF8E006BE972 /* NotesTableViewController.swift */,
			);
			path = ViewControllers;
			sourceTree = "<group>";
		};
		EA55B8FC2955E7C3006BE972 /* Services */ = {
			isa = PBXGroup;
			children = (
				EA55B8FD2955E7D7006BE972 /* NoteService.swift */,
				EA55B8FF2955E8B4006BE972 /* Note.swift */,
			);
			name = Services;
			sourceTree = "<group>";
		};
/* End PBXGroup section */

/* Begin PBXNativeTarget section */
		EA55B8DD2955CE37006BE972 /* photo_notes */ = {
			isa = PBXNativeTarget;
			buildConfigurationList = EA55B8F22955CE3B006BE972 /* Build configuration list for PBXNativeTarget "photo_notes" */;
			buildPhases = (
				EA55B8DA2955CE37006BE972 /* Sources */,
				EA55B8DB2955CE37006BE972 /* Frameworks */,
				EA55B8DC2955CE37006BE972 /* Resources */,
			);
			buildRules = (
			);
			dependencies = (
			);
			name = photo_notes;
			productName = photo_notes;
			productReference = EA55B8DE2955CE38006BE972 /* photo_notes.app */;
			productType = "com.apple.product-type.application";
		};
/* End PBXNativeTarget section */

/* Begin PBXProject section */
		EA55B8D62955CE37006BE972 /* Project object */ = {
			isa = PBXProject;
			attributes = {
				BuildIndependentTargetsInParallel = 1;
				LastSwiftUpdateCheck = 1400;
				LastUpgradeCheck = 1400;
				TargetAttributes = {
					EA55B8DD2955CE37006BE972 = {
						CreatedOnToolsVersion = 14.0.1;
					};
				};
			};
			buildConfigurationList = EA55B8D92955CE37006BE972 /* Build configuration list for PBXProject "photo_notes" */;
			compatibilityVersion = "Xcode 14.0";
			developmentRegion = en;
			hasScannedForEncodings = 0;
			knownRegions = (
				en,
				Base,
			);
			mainGroup = EA55B8D52955CE37006BE972;
			productRefGroup = EA55B8DF2955CE38006BE972 /* Products */;
			projectDirPath = "";
			projectRoot = "";
			targets = (
				EA55B8DD2955CE37006BE972 /* photo_notes */,
			);
		};
/* End PBXProject section */

/* Begin PBXResourcesBuildPhase section */
		EA55B8DC2955CE37006BE972 /* Resources */ = {
			isa = PBXResourcesBuildPhase;
			buildActionMask = 2147483647;
			files = (
				EA55B8EE2955CE3B006BE972 /* LaunchScreen.storyboard in Resources */,
				EA55B8EB2955CE3B006BE972 /* Assets.xcassets in Resources */,
			);
			runOnlyForDeploymentPostprocessing = 0;
		};
/* End PBXResourcesBuildPhase section */

/* Begin PBXSourcesBuildPhase section */
		EA55B8DA2955CE37006BE972 /* Sources */ = {
			isa = PBXSourcesBuildPhase;
			buildActionMask = 2147483647;
			files = (
				EA55B8FE2955E7D7006BE972 /* NoteService.swift in Sources */,
				EA55B8F72955CF51006BE972 /* AddNoteViewController.swift in Sources */,
				EA55B8E62955CE38006BE972 /* ViewController.swift in Sources */,
				EA55B9002955E8B4006BE972 /* Note.swift in Sources */,
				EA55B8E22955CE38006BE972 /* AppDelegate.swift in Sources */,
				EA55B8F92955CF78006BE972 /* NoteViewController.swift in Sources */,
				EA55B8E42955CE38006BE972 /* SceneDelegate.swift in Sources */,
				EA55B8FB2955CF8E006BE972 /* NotesTableViewController.swift in Sources */,
			);
			runOnlyForDeploymentPostprocessing = 0;
		};
/* End PBXSourcesBuildPhase section */

/* Begin PBXVariantGroup section */
		EA55B8EC2955CE3B006BE972 /* LaunchScreen.storyboard */ = {
			isa = PBXVariantGroup;
			children = (
				EA55B8ED2955CE3B006BE972 /* Base */,
			);
			name = LaunchScreen.storyboard;
			sourceTree = "<group>";
		};
/* End PBXVariantGroup section */

/* Begin XCBuildConfiguration section */
		EA55B8F02955CE3B006BE972 /* Debug */ = {
			isa = XCBuildConfiguration;
			buildSettings = {
				ALWAYS_SEARCH_USER_PATHS = NO;
				CLANG_ANALYZER_NONNULL = YES;
				CLANG_ANALYZER_NUMBER_OBJECT_CONVERSION = YES_AGGRESSIVE;
				CLANG_CXX_LANGUAGE_STANDARD = "gnu++20";
				CLANG_ENABLE_MODULES = YES;
				CLANG_ENABLE_OBJC_ARC = YES;
				CLANG_ENABLE_OBJC_WEAK = YES;
				CLANG_WARN_BLOCK_CAPTURE_AUTORELEASING = YES;
				CLANG_WARN_BOOL_CONVERSION = YES;
				CLANG_WARN_COMMA = YES;
				CLANG_WARN_CONSTANT_CONVERSION = YES;
				CLANG_WARN_DEPRECATED_OBJC_IMPLEMENTATIONS = YES;
				CLANG_WARN_DIRECT_OBJC_ISA_USAGE = YES_ERROR;
				CLANG_WARN_DOCUMENTATION_COMMENTS = YES;
				CLANG_WARN_EMPTY_BODY = YES;
				CLANG_WARN_ENUM_CONVERSION = YES;
				CLANG_WARN_INFINITE_RECURSION = YES;
				CLANG_WARN_INT_CONVERSION = YES;
				CLANG_WARN_NON_LITERAL_NULL_CONVERSION = YES;
				CLANG_WARN_OBJC_IMPLICIT_RETAIN_SELF = YES;
				CLANG_WARN_OBJC_LITERAL_CONVERSION = YES;
				CLANG_WARN_OBJC_ROOT_CLASS = YES_ERROR;
				CLANG_WARN_QUOTED_INCLUDE_IN_FRAMEWORK_HEADER = YES;
				CLANG_WARN_RANGE_LOOP_ANALYSIS = YES;
				CLANG_WARN_STRICT_PROTOTYPES = YES;
				CLANG_WARN_SUSPICIOUS_MOVE = YES;
				CLANG_WARN_UNGUARDED_AVAILABILITY = YES_AGGRESSIVE;
				CLANG_WARN_UNREACHABLE_CODE = YES;
				CLANG_WARN__DUPLICATE_METHOD_MATCH = YES;
				COPY_PHASE_STRIP = NO;
				DEBUG_INFORMATION_FORMAT = dwarf;
				ENABLE_STRICT_OBJC_MSGSEND = YES;
				ENABLE_TESTABILITY = YES;
				GCC_C_LANGUAGE_STANDARD = gnu11;
				GCC_DYNAMIC_NO_PIC = NO;
				GCC_NO_COMMON_BLOCKS = YES;
				GCC_OPTIMIZATION_LEVEL = 0;
				GCC_PREPROCESSOR_DEFINITIONS = (
					"DEBUG=1",
					"$(inherited)",
				);
				GCC_WARN_64_TO_32_BIT_CONVERSION = YES;
				GCC_WARN_ABOUT_RETURN_TYPE = YES_ERROR;
				GCC_WARN_UNDECLARED_SELECTOR = YES;
				GCC_WARN_UNINITIALIZED_AUTOS = YES_AGGRESSIVE;
				GCC_WARN_UNUSED_FUNCTION = YES;
				GCC_WARN_UNUSED_VARIABLE = YES;
				IPHONEOS_DEPLOYMENT_TARGET = 16.0;
				MTL_ENABLE_DEBUG_INFO = INCLUDE_SOURCE;
				MTL_FAST_MATH = YES;
				ONLY_ACTIVE_ARCH = YES;
				SDKROOT = iphoneos;
				SWIFT_ACTIVE_COMPILATION_CONDITIONS = DEBUG;
				SWIFT_OPTIMIZATION_LEVEL = "-Onone";
			};
			name = Debug;
		};
		EA55B8F12955CE3B006BE972 /* Release */ = {
			isa = XCBuildConfiguration;
			buildSettings = {
				ALWAYS_SEARCH_USER_PATHS = NO;
				CLANG_ANALYZER_NONNULL = YES;
				CLANG_ANALYZER_NUMBER_OBJECT_CONVERSION = YES_AGGRESSIVE;
				CLANG_CXX_LANGUAGE_STANDARD = "gnu++20";
				CLANG_ENABLE_MODULES = YES;
				CLANG_ENABLE_OBJC_ARC = YES;
				CLANG_ENABLE_OBJC_WEAK = YES;
				CLANG_WARN_BLOCK_CAPTURE_AUTORELEASING = YES;
				CLANG_WARN_BOOL_CONVERSION = YES;
				CLANG_WARN_COMMA = YES;
				CLANG_WARN_CONSTANT_CONVERSION = YES;
				CLANG_WARN_DEPRECATED_OBJC_IMPLEMENTATIONS = YES;
				CLANG_WARN_DIRECT_OBJC_ISA_USAGE = YES_ERROR;
				CLANG_WARN_DOCUMENTATION_COMMENTS = YES;
				CLANG_WARN_EMPTY_BODY = YES;
				CLANG_WARN_ENUM_CONVERSION = YES;
				CLANG_WARN_INFINITE_RECURSION = YES;
				CLANG_WARN_INT_CONVERSION = YES;
				CLANG_WARN_NON_LITERAL_NULL_CONVERSION = YES;
				CLANG_WARN_OBJC_IMPLICIT_RETAIN_SELF = YES;
				CLANG_WARN_OBJC_LITERAL_CONVERSION = YES;
				CLANG_WARN_OBJC_ROOT_CLASS = YES_ERROR;
				CLANG_WARN_QUOTED_INCLUDE_IN_FRAMEWORK_HEADER = YES;
				CLANG_WARN_RANGE_LOOP_ANALYSIS = YES;
				CLANG_WARN_STRICT_PROTOTYPES = YES;
				CLANG_WARN_SUSPICIOUS_MOVE = YES;
				CLANG_WARN_UNGUARDED_AVAILABILITY = YES_AGGRESSIVE;
				CLANG_WARN_UNREACHABLE_CODE = YES;
				CLANG_WARN__DUPLICATE_METHOD_MATCH = YES;
				COPY_PHASE_STRIP = NO;
				DEBUG_INFORMATION_FORMAT = "dwarf-with-dsym";
				ENABLE_NS_ASSERTIONS = NO;
				ENABLE_STRICT_OBJC_MSGSEND = YES;
				GCC_C_LANGUAGE_STANDARD = gnu11;
				GCC_NO_COMMON_BLOCKS = YES;
				GCC_WARN_64_TO_32_BIT_CONVERSION = YES;
				GCC_WARN_ABOUT_RETURN_TYPE = YES_ERROR;
				GCC_WARN_UNDECLARED_SELECTOR = YES;
				GCC_WARN_UNINITIALIZED_AUTOS = YES_AGGRESSIVE;
				GCC_WARN_UNUSED_FUNCTION = YES;
				GCC_WARN_UNUSED_VARIABLE = YES;
				IPHONEOS_DEPLOYMENT_TARGET = 16.0;
				MTL_ENABLE_DEBUG_INFO = NO;
				MTL_FAST_MATH = YES;
				SDKROOT = iphoneos;
				SWIFT_COMPILATION_MODE = wholemodule;
				SWIFT_OPTIMIZATION_LEVEL = "-O";
				VALIDATE_PRODUCT = YES;
			};
			name = Release;
		};
		EA55B8F32955CE3B006BE972 /* Debug */ = {
			isa = XCBuildConfiguration;
			buildSettings = {
				ASSETCATALOG_COMPILER_APPICON_NAME = AppIcon;
				ASSETCATALOG_COMPILER_GLOBAL_ACCENT_COLOR_NAME = AccentColor;
				CODE_SIGN_STYLE = Automatic;
				CURRENT_PROJECT_VERSION = 1;
				GENERATE_INFOPLIST_FILE = YES;
				INFOPLIST_FILE = photo_notes/Info.plist;
				INFOPLIST_KEY_UIApplicationSupportsIndirectInputEvents = YES;
				INFOPLIST_KEY_UILaunchStoryboardName = LaunchScreen;
				INFOPLIST_KEY_UISupportedInterfaceOrientations_iPad = "UIInterfaceOrientationPortrait UIInterfaceOrientationPortraitUpsideDown UIInterfaceOrientationLandscapeLeft UIInterfaceOrientationLandscapeRight";
				INFOPLIST_KEY_UISupportedInterfaceOrientations_iPhone = "UIInterfaceOrientationPortrait UIInterfaceOrientationLandscapeLeft UIInterfaceOrientationLandscapeRight";
				LD_RUNPATH_SEARCH_PATHS = (
					"$(inherited)",
					"@executable_path/Frameworks",
				);
				MARKETING_VERSION = 1.0;
				PRODUCT_BUNDLE_IDENTIFIER = "com.itis.photo-notes";
				PRODUCT_NAME = "$(TARGET_NAME)";
				SWIFT_EMIT_LOC_STRINGS = YES;
				SWIFT_VERSION = 5.0;
				TARGETED_DEVICE_FAMILY = "1,2";
			};
			name = Debug;
		};
		EA55B8F42955CE3B006BE972 /* Release */ = {
			isa = XCBuildConfiguration;
			buildSettings = {
				ASSETCATALOG_COMPILER_APPICON_NAME = AppIcon;
				ASSETCATALOG_COMPILER_GLOBAL_ACCENT_COLOR_NAME = AccentColor;
				CODE_SIGN_STYLE = Automatic;
				CURRENT_PROJECT_VERSION = 1;
				GENERATE_INFOPLIST_FILE = YES;
				INFOPLIST_FILE = photo_notes/Info.plist;
				INFOPLIST_KEY_UIApplicationSupportsIndirectInputEvents = YES;
				INFOPLIST_KEY_UILaunchStoryboardName = LaunchScreen;
				INFOPLIST_KEY_UISupportedInterfaceOrientations_iPad = "UIInterfaceOrientationPortrait UIInterfaceOrientationPortraitUpsideDown UIInterfaceOrientationLandscapeLeft UIInterfaceOrientationLandscapeRight";
				INFOPLIST_KEY_UISupportedInterfaceOrientations_iPhone = "UIInterfaceOrientationPortrait UIInterfaceOrientationLandscapeLeft UIInterfaceOrientationLandscapeRight";
				LD_RUNPATH_SEARCH_PATHS = (
					"$(inherited)",
					"@executable_path/Frameworks",
				);
				MARKETING_VERSION = 1.0;
				PRODUCT_BUNDLE_IDENTIFIER = "com.itis.photo-notes";
				PRODUCT_NAME = "$(TARGET_NAME)";
				SWIFT_EMIT_LOC_STRINGS = YES;
				SWIFT_VERSION = 5.0;
				TARGETED_DEVICE_FAMILY = "1,2";
			};
			name = Release;
		};
/* End XCBuildConfiguration section */

/* Begin XCConfigurationList section */
		EA55B8D92955CE37006BE972 /* Build configuration list for PBXProject "photo_notes" */ = {
			isa = XCConfigurationList;
			buildConfigurations = (
				EA55B8F02955CE3B006BE972 /* Debug */,
				EA55B8F12955CE3B006BE972 /* Release */,
			);
			defaultConfigurationIsVisible = 0;
			defaultConfigurationName = Release;
		};
		EA55B8F22955CE3B006BE972 /* Build configuration list for PBXNativeTarget "photo_notes" */ = {
			isa = XCConfigurationList;
			buildConfigurations = (
				EA55B8F32955CE3B006BE972 /* Debug */,
				EA55B8F42955CE3B006BE972 /* Release */,
			);
			defaultConfigurationIsVisible = 0;
			defaultConfigurationName = Release;
		};
/* End XCConfigurationList section */
	};
	rootObject = EA55B8D62955CE37006BE972 /* Project object */;
}
